{
  "requires": true,
  "lockfileVersion": 1,
  "dependencies": {
    "harmony-reflect": {
      "version": "1.6.1",
      "resolved": "https://registry.npmjs.org/harmony-reflect/-/harmony-reflect-1.6.1.tgz",
      "integrity": "sha512-WJTeyp0JzGtHcuMsi7rw2VwtkvLa+JyfEKJCFyfcS0+CDkjQ5lHPu7zEhFZP+PDSRrEgXa5Ah0l1MbgbE41XjA==",
      "dev": true
    },
    "identity-obj-proxy": {
      "version": "3.0.0",
      "resolved": "https://registry.npmjs.org/identity-obj-proxy/-/identity-obj-proxy-3.0.0.tgz",
      "integrity": "sha1-lNK9qWCERT7zb7xarsN+D3nx/BQ=",
      "dev": true,
      "requires": {
        "harmony-reflect": "^1.4.6"
      }
    }
  }
}
