{
  "requires": true,
  "lockfileVersion": 1,
  "dependencies": {
    "@babel/runtime": {
      "version": "7.9.2",
      "resolved": "https://registry.npmjs.org/@babel/runtime/-/runtime-7.9.2.tgz",
      "integrity": "sha512-NE2DtOdufG7R5vnfQUTehdTfNycfUANEtCa9PssN9O/xmTzP4E08UI797ixaei6hBEVL9BI/PsdJS5x7mWoB9Q==",
      "requires": {
        "regenerator-runtime": "^0.13.4"
      }
    },
    "@rooks/use-mutation-observer": {
      "version": "3.4.0",
      "resolved": "https://registry.npmjs.org/@rooks/use-mutation-observer/-/use-mutation-observer-3.4.0.tgz",
      "integrity": "sha512-q10+v3WbvSt5fj55VMikTPaUZ9Yl+IYDsymodWr2+cKx0PD97VBeWYjk3xHJPqJgejBHwnrwiNkJKGFY5iW+WQ=="
    },
    "classnames": {
      "version": "2.2.6",
      "resolved": "https://registry.npmjs.org/classnames/-/classnames-2.2.6.tgz",
      "integrity": "sha512-JR/iSQOSt+LQIWwrwEzJ9uk0xfN3mTVYMwt1Ir5mUcSN6pU+V4zQFFaJsclJbPuAUQH+yfWef6tm7l1quW3C8Q=="
    },
    "detect-node": {
      "version": "2.0.4",
      "resolved": "https://registry.npmjs.org/detect-node/-/detect-node-2.0.4.tgz",
      "integrity": "sha512-ZIzRpLJrOj7jjP2miAtgqIfmzbxa4ZOr5jJc601zklsfEx9oTzmmj2nVpIPRpNlRTIh8lc1kyViIY7BWSGNmKw=="
    },
    "focus-lock": {
      "version": "0.6.7",
      "resolved": "https://registry.npmjs.org/focus-lock/-/focus-lock-0.6.7.tgz",
      "integrity": "sha512-KRo93U/afEqt7w5tBm4t0FHf/Li8tEYav3n4GUiZdeRlRfrtMbL8yQg0xRVnY/kmBRmQ4xkqIlbaMvuqlu53kg=="
    },
    "focus-outline-manager": {
      "version": "1.0.2",
      "resolved": "https://registry.npmjs.org/focus-outline-manager/-/focus-outline-manager-1.0.2.tgz",
      "integrity": "sha1-e/NliGU0H7awjQQqA3udKGixGbU="
    },
    "js-tokens": {
      "version": "4.0.0",
      "resolved": "https://registry.npmjs.org/js-tokens/-/js-tokens-4.0.0.tgz",
      "integrity": "sha512-RdJUflcE3cUzKiMqQgsCu06FPu9UdIJO0beYbPhHN4k6apgJtifcoCtT9bcxOpYBtpD2kCM6Sbzg4CausW/PKQ=="
    },
    "lodash.debounce": {
      "version": "4.0.8",
      "resolved": "https://registry.npmjs.org/lodash.debounce/-/lodash.debounce-4.0.8.tgz",
      "integrity": "sha1-gteb/zCmfEAF/9XiUVMArZyk168="
    },
    "lodash.pick": {
      "version": "4.4.0",
      "resolved": "https://registry.npmjs.org/lodash.pick/-/lodash.pick-4.4.0.tgz",
      "integrity": "sha1-UvBWEP/53tQiYRRB7R/BI6AwAbM="
    },
    "loose-envify": {
      "version": "1.4.0",
      "resolved": "https://registry.npmjs.org/loose-envify/-/loose-envify-1.4.0.tgz",
      "integrity": "sha512-lyuxPGr/Wfhrlem2CL/UcnUc1zcqKAImBDzukY7Y5F/yQiNdko6+fRLevlw1HgMySw7f611UIY408EtxRSoK3Q==",
      "requires": {
        "js-tokens": "^3.0.0 || ^4.0.0"
      }
    },
    "object-assign": {
      "version": "4.1.1",
      "resolved": "https://registry.npmjs.org/object-assign/-/object-assign-4.1.1.tgz",
      "integrity": "sha1-IQmtx5ZYh8/AXLvUQsrIv7s2CGM="
    },
    "prop-types": {
      "version": "15.7.2",
      "resolved": "https://registry.npmjs.org/prop-types/-/prop-types-15.7.2.tgz",
      "integrity": "sha512-8QQikdH7//R2vurIJSutZ1smHYTcLpRWEOlHnzcWHmBYrOGUysKwSsrC89BCiFj3CbrfJ/nXFdJepOVrY1GCHQ==",
      "requires": {
        "loose-envify": "^1.4.0",
        "object-assign": "^4.1.1",
        "react-is": "^16.8.1"
      }
    },
    "react-clientside-effect": {
      "version": "1.2.2",
      "resolved": "https://registry.npmjs.org/react-clientside-effect/-/react-clientside-effect-1.2.2.tgz",
      "integrity": "sha512-nRmoyxeok5PBO6ytPvSjKp9xwXg9xagoTK1mMjwnQxqM9Hd7MNPl+LS1bOSOe+CV2+4fnEquc7H/S8QD3q697A==",
      "requires": {
        "@babel/runtime": "^7.0.0"
      }
    },
    "react-focus-lock": {
      "version": "2.2.1",
      "resolved": "https://registry.npmjs.org/react-focus-lock/-/react-focus-lock-2.2.1.tgz",
      "integrity": "sha512-47g0xYcCTZccdzKRGufepY8oZ3W1Qg+2hn6u9SHZ0zUB6uz/4K4xJe7yYFNZ1qT6m+2JDm82F6QgKeBTbjW4PQ==",
      "requires": {
        "@babel/runtime": "^7.0.0",
        "focus-lock": "^0.6.6",
        "prop-types": "^15.6.2",
        "react-clientside-effect": "^1.2.2",
        "use-callback-ref": "^1.2.1",
        "use-sidecar": "^1.0.1"
      }
    },
    "react-is": {
      "version": "16.13.1",
      "resolved": "https://registry.npmjs.org/react-is/-/react-is-16.13.1.tgz",
      "integrity": "sha512-24e6ynE2H+OKt4kqsOvNd8kBpV65zoxbA4BVsEOB3ARVWQki/DHzaUoC5KuON/BiccDaCCTZBuOcfZs70kR8bQ=="
    },
    "reactour": {
      "version": "1.17.0",
      "resolved": "https://registry.npmjs.org/reactour/-/reactour-1.17.0.tgz",
      "integrity": "sha512-wBDB20x84wSF9IvGbtMKlKB7eeK9WcDrJln4ayDooPUUR56ZH4mnxM0NoN2TQU1lgo6WHOzwxRS3HKJ0rrk5Jw==",
      "requires": {
        "@rooks/use-mutation-observer": "3.4.0",
        "classnames": "2.2.6",
        "focus-outline-manager": "^1.0.2",
        "lodash.debounce": "4.0.8",
        "lodash.pick": "4.4.0",
        "prop-types": "15.7.2",
        "react-focus-lock": "2.2.1",
        "scroll-smooth": "1.1.0",
        "scrollparent": "2.0.1"
      }
    },
    "regenerator-runtime": {
      "version": "0.13.5",
      "resolved": "https://registry.npmjs.org/regenerator-runtime/-/regenerator-runtime-0.13.5.tgz",
      "integrity": "sha512-ZS5w8CpKFinUzOwW3c83oPeVXoNsrLsaCoLtJvAClH135j/R77RuymhiSErhm2lKcwSCIpmvIWSbDkIfAqKQlA=="
    },
    "scroll-smooth": {
      "version": "1.1.0",
      "resolved": "https://registry.npmjs.org/scroll-smooth/-/scroll-smooth-1.1.0.tgz",
      "integrity": "sha512-68OUOXKN/ykM/Dbp4Lhza3O9QQUuW/c01WTsZzDOUyVgb1I5QjT/awOHCCbuYTSV1QnExUQ9w+KcxmVxlXIiAg=="
    },
    "scrollparent": {
      "version": "2.0.1",
      "resolved": "https://registry.npmjs.org/scrollparent/-/scrollparent-2.0.1.tgz",
      "integrity": "sha1-cV1bnMV3YPsivczDvvtb/gaxoxc="
    },
    "tslib": {
      "version": "1.11.1",
      "resolved": "https://registry.npmjs.org/tslib/-/tslib-1.11.1.tgz",
      "integrity": "sha512-aZW88SY8kQbU7gpV19lN24LtXh/yD4ZZg6qieAJDDg+YBsJcSmLGK9QpnUjAKVG/xefmvJGd1WUmfpT/g6AJGA=="
    },
    "use-callback-ref": {
      "version": "1.2.3",
      "resolved": "https://registry.npmjs.org/use-callback-ref/-/use-callback-ref-1.2.3.tgz",
      "integrity": "sha512-DPBPh1i2adCZoIArRlTuKRy7yue7QogtEnfv0AKrWsY+GA+4EKe37zhRDouNnyWMoNQFYZZRF+2dLHsWE4YvJA=="
    },
    "use-sidecar": {
      "version": "1.0.2",
      "resolved": "https://registry.npmjs.org/use-sidecar/-/use-sidecar-1.0.2.tgz",
      "integrity": "sha512-287RZny6m5KNMTb/Kq9gmjafi7lQL0YHO1lYolU6+tY1h9+Z3uCtkJJ3OSOq3INwYf2hBryCcDh4520AhJibMA==",
      "requires": {
        "detect-node": "^2.0.4",
        "tslib": "^1.9.3"
      }
    }
  }
}
