# THIS IS AN AUTOGENERATED FILE. DO NOT EDIT THIS FILE DIRECTLY.
# yarn lockfile v1


harmony-reflect@^1.4.6:
  version "1.6.1"
  resolved "https://registry.yarnpkg.com/harmony-reflect/-/harmony-reflect-1.6.1.tgz#c108d4f2bb451efef7a37861fdbdae72c9bdefa9"
  integrity sha512-WJTeyp0JzGtHcuMsi7rw2VwtkvLa+JyfEKJCFyfcS0+CDkjQ5lHPu7zEhFZP+PDSRrEgXa5Ah0l1MbgbE41XjA==

identity-obj-proxy@^3.0.0:
  version "3.0.0"
  resolved "https://registry.yarnpkg.com/identity-obj-proxy/-/identity-obj-proxy-3.0.0.tgz#94d2bda96084453ef36fbc5aaec37e0f79f1fc14"
  integrity sha1-lNK9qWCERT7zb7xarsN+D3nx/BQ=
  dependencies:
    harmony-reflect "^1.4.6"
