{
  "version": 4,
  "terraform_version": "0.13.5",
  "serial": 1685,
  "lineage": "b398ca05-f79e-7733-9e71-189344dcaff4",
  "outputs": {
    "alb_dns_name": {
      "value": "testing-alb-rails-terraform-1155255640.ca-central-1.elb.amazonaws.com",
      "type": "string"
    }
  },
  "resources": [
    {
      "mode": "managed",
      "type": "aws_key_pair",
      "name": "key",
      "provider": "provider[\"registry.terraform.io/hashicorp/aws\"]",
      "instances": [
        {
          "schema_version": 1,
          "attributes": {
            "arn": "arn:aws:ec2:ca-central-1:628132563466:key-pair/production_key",
            "fingerprint": "bb:75:5d:29:3e:fd:d9:13:de:dd:e2:41:22:2e:c0:64",
            "id": "production_key",
            "key_name": "production_key",
            "key_name_prefix": null,
            "key_pair_id": "key-0ed10f1f80cd4978c",
            "public_key": "ssh-rsa AAAAB3NzaC1yc2EAAAADAQABAAABAQC4zPvncHhcSIrW+q0JRicIsFW/cQxSg74H5V97WsK68mgufKd/S9TJ27my4yFPTD3yfBuZBgHmMpOlO6QkGZ1PQIPqp7MPr+zePVRV3VZCjrZp5HGCAVlGjFVW6q2P1g7+he752FZqbYXMa/WCJdtCbOgxh5mLoy0jsYqixVSo+q53PcUJ8WPyiikGZk8YqeI+Qhq9Tku3R0OJ+Fh6Sy8awTC3sZpK5sglx5OIz509yEdrAB76gZhxcOSrIvkMsjj65opnmIeTdPZBdi/PfGEJB8RTqye3WWYtGqdECX2iUPbe4KOA6gWzlmVWomyQajCqC+Pdw5/rxMii/qpoj8tL admin@Admins-MacBook-Pro.local",
            "tags": {}
          },
          "private": "eyJzY2hlbWFfdmVyc2lvbiI6IjEifQ=="
        }
      ]
    },
    {
      "module": "module.code_pipeline",
      "mode": "data",
      "type": "template_file",
      "name": "buildspec",
      "provider": "provider[\"registry.terraform.io/hashicorp/template\"]",
      "instances": [
        {
          "schema_version": 0,
          "attributes": {
            "filename": null,
            "id": "7eb332aea2ccf83c17029952608c68c252b8c44592575f1906b32d9a3f706615",
            "rendered": "version: 0.2\n\nphases:\n  pre_build:\n    commands:\n      - pip install awscli --upgrade --user\n      - echo `aws --version`\n      - echo Logging in to Amazon ECR...\n      - $(aws ecr get-login --region ca-central-1 --no-include-email)\n      - REPOSITORY_URI=628132563466.dkr.ecr.ca-central-1.amazonaws.com/codeitquick/pokerhandrangerubyreact\n      - IMAGE_TAG=$(echo $CODEBUILD_RESOLVED_SOURCE_VERSION | cut -c 1-7)\n      - echo Entered the pre_build phase...\n  build:\n    commands:\n      - echo Build started on `date`\n      - echo Building the Docker image...\n      - docker build -t $REPOSITORY_URI:latest backend\n      - docker tag $REPOSITORY_URI:latest $REPOSITORY_URI:$IMAGE_TAG\n  post_build:\n    commands:\n      - echo Build completed on `date`\n      - echo Pushing the Docker images...\n      - docker push $REPOSITORY_URI:latest\n      - docker push $REPOSITORY_URI:$IMAGE_TAG\n      - echo Writing image definitions file...\n      - printf '[{\"name\":\"web\",\"imageUri\":\"%s\"}]' $REPOSITORY_URI:$IMAGE_TAG \u003e imagedefinitions.json\n      - echo upgrading db-migrate task definitions\n      - aws ecs run-task --launch-type FARGATE --cluster testing-ecs-cluster --task-definition production_db_migrate --network-configuration \"awsvpcConfiguration={subnets=[subnet-065b97fe3fef353fc],securityGroups=[sg-035844cee7ed4dd9b,sg-0d81d03c18b26e083,sg-0640cebc2bdb08e2d]}\"\nartifacts:\n  files: imagedefinitions.json",
            "template": "version: 0.2\n\nphases:\n  pre_build:\n    commands:\n      - pip install awscli --upgrade --user\n      - echo `aws --version`\n      - echo Logging in to Amazon ECR...\n      - $(aws ecr get-login --region ${region} --no-include-email)\n      - REPOSITORY_URI=${repository_url}\n      - IMAGE_TAG=$(echo $CODEBUILD_RESOLVED_SOURCE_VERSION | cut -c 1-7)\n      - echo Entered the pre_build phase...\n  build:\n    commands:\n      - echo Build started on `date`\n      - echo Building the Docker image...\n      - docker build -t $REPOSITORY_URI:latest backend\n      - docker tag $REPOSITORY_URI:latest $REPOSITORY_URI:$IMAGE_TAG\n  post_build:\n    commands:\n      - echo Build completed on `date`\n      - echo Pushing the Docker images...\n      - docker push $REPOSITORY_URI:latest\n      - docker push $REPOSITORY_URI:$IMAGE_TAG\n      - echo Writing image definitions file...\n      - printf '[{\"name\":\"web\",\"imageUri\":\"%s\"}]' $REPOSITORY_URI:$IMAGE_TAG \u003e imagedefinitions.json\n      - echo upgrading db-migrate task definitions\n      - aws ecs run-task --launch-type FARGATE --cluster ${cluster_name} --task-definition production_db_migrate --network-configuration \"awsvpcConfiguration={subnets=[${subnet_id}],securityGroups=[${security_group_ids}]}\"\nartifacts:\n  files: imagedefinitions.json",
            "vars": {
              "cluster_name": "testing-ecs-cluster",
              "region": "ca-central-1",
              "repository_url": "628132563466.dkr.ecr.ca-central-1.amazonaws.com/codeitquick/pokerhandrangerubyreact",
              "security_group_ids": "sg-035844cee7ed4dd9b,sg-0d81d03c18b26e083,sg-0640cebc2bdb08e2d",
              "subnet_id": "subnet-065b97fe3fef353fc"
            }
          }
        }
      ]
    },
    {
      "module": "module.code_pipeline",
      "mode": "data",
      "type": "template_file",
      "name": "codebuild_policy",
      "provider": "provider[\"registry.terraform.io/hashicorp/template\"]",
      "instances": [
        {
          "schema_version": 0,
          "attributes": {
            "filename": null,
            "id": "6cac5c7102b309e240a3a8664a5165d0c2ae2d0387a63a6b2c92db7a9f8ddd7d",
            "rendered": "{\n  \"Version\": \"2012-10-17\",\n  \"Statement\": [\n    {\n      \"Effect\": \"Allow\",\n      \"Resource\": [\n        \"*\"\n      ],\n      \"Action\": [\n        \"logs:CreateLogGroup\",\n        \"logs:CreateLogStream\",\n        \"logs:PutLogEvents\",\n        \"ecr:GetAuthorizationToken\",\n        \"ecr:InitiateLayerUpload\",\n        \"ecr:UploadLayerPart\",\n        \"ecr:CompleteLayerUpload\",\n        \"ecr:BatchCheckLayerAvailability\",\n        \"ecr:PutImage\",\n        \"ecs:RunTask\",\n        \"iam:PassRole\"\n      ]\n    },\n    {\n      \"Effect\":\"Allow\",\n      \"Action\": [\n        \"s3:GetObject\",\n        \"s3:GetObjectVersion\",\n        \"s3:GetBucketVersioning\",\n        \"s3:List*\",\n        \"s3:PutObject\"\n      ],\n      \"Resource\": [\n        \"arn:aws:s3:::rails-terraform-experiment-source-3\",\n        \"arn:aws:s3:::rails-terraform-experiment-source-3/*\"\n      ]\n    }\n  ]\n}",
            "template": "{\n  \"Version\": \"2012-10-17\",\n  \"Statement\": [\n    {\n      \"Effect\": \"Allow\",\n      \"Resource\": [\n        \"*\"\n      ],\n      \"Action\": [\n        \"logs:CreateLogGroup\",\n        \"logs:CreateLogStream\",\n        \"logs:PutLogEvents\",\n        \"ecr:GetAuthorizationToken\",\n        \"ecr:InitiateLayerUpload\",\n        \"ecr:UploadLayerPart\",\n        \"ecr:CompleteLayerUpload\",\n        \"ecr:BatchCheckLayerAvailability\",\n        \"ecr:PutImage\",\n        \"ecs:RunTask\",\n        \"iam:PassRole\"\n      ]\n    },\n    {\n      \"Effect\":\"Allow\",\n      \"Action\": [\n        \"s3:GetObject\",\n        \"s3:GetObjectVersion\",\n        \"s3:GetBucketVersioning\",\n        \"s3:List*\",\n        \"s3:PutObject\"\n      ],\n      \"Resource\": [\n        \"${aws_s3_bucket_arn}\",\n        \"${aws_s3_bucket_arn}/*\"\n      ]\n    }\n  ]\n}",
            "vars": {
              "aws_s3_bucket_arn": "arn:aws:s3:::rails-terraform-experiment-source-3"
            }
          }
        }
      ]
    },
    {
      "module": "module.code_pipeline",
      "mode": "data",
      "type": "template_file",
      "name": "codepipeline_policy",
      "provider": "provider[\"registry.terraform.io/hashicorp/template\"]",
      "instances": [
        {
          "schema_version": 0,
          "attributes": {
            "filename": null,
            "id": "05ebea6fb4327e5eb6d57174964c64a6bb316f76f2d035559d0a1315e9cb1c25",
            "rendered": "{\n  \"Version\": \"2012-10-17\",\n  \"Statement\": [\n    {\n      \"Effect\":\"Allow\",\n      \"Action\": [\n        \"s3:GetObject\",\n        \"s3:GetObjectVersion\",\n        \"s3:GetBucketVersioning\",\n        \"s3:List*\",\n        \"s3:PutObject\"\n      ],\n      \"Resource\": [\n        \"arn:aws:s3:::rails-terraform-experiment-source-3\",\n        \"arn:aws:s3:::rails-terraform-experiment-source-3/*\"\n      ]\n    },\n    {\n      \"Effect\": \"Allow\",\n      \"Action\": [\n        \"codebuild:BatchGetBuilds\",\n        \"codebuild:StartBuild\"\n      ],\n      \"Resource\": \"*\"\n    },\n    {\n      \"Action\": [\n        \"ecs:*\",\n        \"events:DescribeRule\",\n        \"events:DeleteRule\",\n        \"events:ListRuleNamesByTarget\",\n        \"events:ListTargetsByRule\",\n        \"events:PutRule\",\n        \"events:PutTargets\",\n        \"events:RemoveTargets\",\n        \"iam:ListAttachedRolePolicies\",\n        \"iam:ListInstanceProfiles\",\n        \"iam:ListRoles\",\n        \"logs:CreateLogGroup\",\n        \"logs:DescribeLogGroups\",\n        \"logs:FilterLogEvents\"\n      ],\n      \"Resource\": \"*\",\n      \"Effect\": \"Allow\"\n    },\n    {\n      \"Action\": \"iam:PassRole\",\n      \"Effect\": \"Allow\",\n      \"Resource\": [\n        \"*\"\n      ],\n      \"Condition\": {\n        \"StringLike\": {\n          \"iam:PassedToService\": \"ecs-tasks.amazonaws.com\"\n        }\n      }\n    },\n    {\n      \"Action\": \"iam:PassRole\",\n      \"Effect\": \"Allow\",\n      \"Resource\": [\n        \"arn:aws:iam::*:role/ecsInstanceRole*\"\n      ],\n      \"Condition\": {\n        \"StringLike\": {\n          \"iam:PassedToService\": [\n            \"ec2.amazonaws.com\",\n            \"ec2.amazonaws.com.cn\"\n          ]\n        }\n      }\n    },\n    {\n      \"Action\": \"iam:PassRole\",\n      \"Effect\": \"Allow\",\n      \"Resource\": [\n        \"arn:aws:iam::*:role/ecsAutoscaleRole*\"\n      ],\n      \"Condition\": {\n        \"StringLike\": {\n          \"iam:PassedToService\": [\n            \"application-autoscaling.amazonaws.com\",\n            \"application-autoscaling.amazonaws.com.cn\"\n          ]\n        }\n      }\n    },\n    {\n      \"Effect\": \"Allow\",\n      \"Action\": \"iam:CreateServiceLinkedRole\",\n      \"Resource\": \"*\",\n      \"Condition\": {\n        \"StringLike\": {\n          \"iam:AWSServiceName\": [\n            \"ecs.amazonaws.com\",\n            \"spot.amazonaws.com\",\n            \"spotfleet.amazonaws.com\"\n          ]\n        }\n      }\n    }\n  ]\n}",
            "template": "{\n  \"Version\": \"2012-10-17\",\n  \"Statement\": [\n    {\n      \"Effect\":\"Allow\",\n      \"Action\": [\n        \"s3:GetObject\",\n        \"s3:GetObjectVersion\",\n        \"s3:GetBucketVersioning\",\n        \"s3:List*\",\n        \"s3:PutObject\"\n      ],\n      \"Resource\": [\n        \"${aws_s3_bucket_arn}\",\n        \"${aws_s3_bucket_arn}/*\"\n      ]\n    },\n    {\n      \"Effect\": \"Allow\",\n      \"Action\": [\n        \"codebuild:BatchGetBuilds\",\n        \"codebuild:StartBuild\"\n      ],\n      \"Resource\": \"*\"\n    },\n    {\n      \"Action\": [\n        \"ecs:*\",\n        \"events:DescribeRule\",\n        \"events:DeleteRule\",\n        \"events:ListRuleNamesByTarget\",\n        \"events:ListTargetsByRule\",\n        \"events:PutRule\",\n        \"events:PutTargets\",\n        \"events:RemoveTargets\",\n        \"iam:ListAttachedRolePolicies\",\n        \"iam:ListInstanceProfiles\",\n        \"iam:ListRoles\",\n        \"logs:CreateLogGroup\",\n        \"logs:DescribeLogGroups\",\n        \"logs:FilterLogEvents\"\n      ],\n      \"Resource\": \"*\",\n      \"Effect\": \"Allow\"\n    },\n    {\n      \"Action\": \"iam:PassRole\",\n      \"Effect\": \"Allow\",\n      \"Resource\": [\n        \"*\"\n      ],\n      \"Condition\": {\n        \"StringLike\": {\n          \"iam:PassedToService\": \"ecs-tasks.amazonaws.com\"\n        }\n      }\n    },\n    {\n      \"Action\": \"iam:PassRole\",\n      \"Effect\": \"Allow\",\n      \"Resource\": [\n        \"arn:aws:iam::*:role/ecsInstanceRole*\"\n      ],\n      \"Condition\": {\n        \"StringLike\": {\n          \"iam:PassedToService\": [\n            \"ec2.amazonaws.com\",\n            \"ec2.amazonaws.com.cn\"\n          ]\n        }\n      }\n    },\n    {\n      \"Action\": \"iam:PassRole\",\n      \"Effect\": \"Allow\",\n      \"Resource\": [\n        \"arn:aws:iam::*:role/ecsAutoscaleRole*\"\n      ],\n      \"Condition\": {\n        \"StringLike\": {\n          \"iam:PassedToService\": [\n            \"application-autoscaling.amazonaws.com\",\n            \"application-autoscaling.amazonaws.com.cn\"\n          ]\n        }\n      }\n    },\n    {\n      \"Effect\": \"Allow\",\n      \"Action\": \"iam:CreateServiceLinkedRole\",\n      \"Resource\": \"*\",\n      \"Condition\": {\n        \"StringLike\": {\n          \"iam:AWSServiceName\": [\n            \"ecs.amazonaws.com\",\n            \"spot.amazonaws.com\",\n            \"spotfleet.amazonaws.com\"\n          ]\n        }\n      }\n    }\n  ]\n}",
            "vars": {
              "aws_s3_bucket_arn": "arn:aws:s3:::rails-terraform-experiment-source-3"
            }
          }
        }
      ]
    },
    {
      "module": "module.code_pipeline",
      "mode": "managed",
      "type": "aws_codebuild_project",
      "name": "rails_terraform_build",
      "provider": "provider[\"registry.terraform.io/hashicorp/aws\"]",
      "instances": [
        {
          "schema_version": 0,
          "attributes": {
            "arn": "arn:aws:codebuild:ca-central-1:628132563466:project/rails_terraform-codebuild",
            "artifacts": [
              {
                "artifact_identifier": "",
                "encryption_disabled": false,
                "location": "",
                "name": "rails_terraform-codebuild",
                "namespace_type": "",
                "override_artifact_name": false,
                "packaging": "NONE",
                "path": "",
                "type": "CODEPIPELINE"
              }
            ],
            "badge_enabled": false,
            "badge_url": "",
            "build_timeout": 10,
            "cache": [
              {
                "location": "",
                "modes": [],
                "type": "NO_CACHE"
              }
            ],
            "description": "",
            "encryption_key": "arn:aws:kms:ca-central-1:628132563466:alias/aws/s3",
            "environment": [
              {
                "certificate": "",
                "compute_type": "BUILD_GENERAL1_SMALL",
                "environment_variable": [],
                "image": "aws/codebuild/docker:1.12.1",
                "image_pull_credentials_type": "CODEBUILD",
                "privileged_mode": true,
                "registry_credential": [],
                "type": "LINUX_CONTAINER"
              }
            ],
            "id": "arn:aws:codebuild:ca-central-1:628132563466:project/rails_terraform-codebuild",
            "logs_config": [
              {
                "cloudwatch_logs": [
                  {
                    "group_name": "",
                    "status": "ENABLED",
                    "stream_name": ""
                  }
                ],
                "s3_logs": [
                  {
                    "encryption_disabled": false,
                    "location": "",
                    "status": "DISABLED"
                  }
                ]
              }
            ],
            "name": "rails_terraform-codebuild",
            "queued_timeout": 480,
            "secondary_artifacts": [],
            "secondary_sources": [],
            "service_role": "arn:aws:iam::628132563466:role/codebuild-role",
            "source": [
              {
                "auth": [],
                "buildspec": "version: 0.2\n\nphases:\n  pre_build:\n    commands:\n      - pip install awscli --upgrade --user\n      - echo `aws --version`\n      - echo Logging in to Amazon ECR...\n      - $(aws ecr get-login --region ca-central-1 --no-include-email)\n      - REPOSITORY_URI=628132563466.dkr.ecr.ca-central-1.amazonaws.com/codeitquick/pokerhandrangerubyreact\n      - IMAGE_TAG=$(echo $CODEBUILD_RESOLVED_SOURCE_VERSION | cut -c 1-7)\n      - echo Entered the pre_build phase...\n  build:\n    commands:\n      - echo Build started on `date`\n      - echo Building the Docker image...\n      - docker build -t $REPOSITORY_URI:latest backend\n      - docker tag $REPOSITORY_URI:latest $REPOSITORY_URI:$IMAGE_TAG\n  post_build:\n    commands:\n      - echo Build completed on `date`\n      - echo Pushing the Docker images...\n      - docker push $REPOSITORY_URI:latest\n      - docker push $REPOSITORY_URI:$IMAGE_TAG\n      - echo Writing image definitions file...\n      - printf '[{\"name\":\"web\",\"imageUri\":\"%s\"}]' $REPOSITORY_URI:$IMAGE_TAG \u003e imagedefinitions.json\n      - echo upgrading db-migrate task definitions\n      - aws ecs run-task --launch-type FARGATE --cluster testing-ecs-cluster --task-definition production_db_migrate --network-configuration \"awsvpcConfiguration={subnets=[subnet-065b97fe3fef353fc],securityGroups=[sg-035844cee7ed4dd9b,sg-0d81d03c18b26e083,sg-0640cebc2bdb08e2d]}\"\nartifacts:\n  files: imagedefinitions.json",
                "git_clone_depth": 0,
                "git_submodules_config": [],
                "insecure_ssl": false,
                "location": "",
                "report_build_status": false,
                "type": "CODEPIPELINE"
              }
            ],
            "source_version": "",
            "tags": {},
            "vpc_config": []
          },
          "private": "bnVsbA==",
          "dependencies": [
            "module.code_pipeline.aws_iam_role.codebuild_role",
            "module.code_pipeline.data.template_file.buildspec",
            "module.ecs.aws_ecr_repository.rails_terraform_app",
            "module.ecs.aws_ecs_cluster.cluster",
            "module.ecs.aws_security_group.ecs_service",
            "module.networking.aws_security_group.default",
            "module.networking.aws_subnet.private_subnet",
            "module.networking.aws_vpc.vpc",
            "module.rds.aws_security_group.db_access_sg"
          ]
        }
      ]
    },
    {
      "module": "module.code_pipeline",
      "mode": "managed",
      "type": "aws_codepipeline",
      "name": "pipeline",
      "provider": "provider[\"registry.terraform.io/hashicorp/aws\"]",
      "instances": [
        {
          "schema_version": 0,
          "attributes": {
            "arn": "arn:aws:codepipeline:ca-central-1:628132563466:rails_terraform-pipeline",
            "artifact_store": [
              {
                "encryption_key": [],
                "location": "rails-terraform-experiment-source-3",
                "region": "",
                "type": "S3"
              }
            ],
            "id": "rails_terraform-pipeline",
            "name": "rails_terraform-pipeline",
            "role_arn": "arn:aws:iam::628132563466:role/codepipeline-role",
            "stage": [
              {
                "action": [
                  {
                    "category": "Source",
                    "configuration": {
                      "Branch": "master",
                      "OAuthToken": "ba44a78618e642754b596233347d776c3fe23094",
                      "Owner": "CodeItQuick",
                      "Repo": "PokerHandRangeRubyReact"
                    },
                    "input_artifacts": [],
                    "name": "Source",
                    "namespace": "",
                    "output_artifacts": [
                      "source"
                    ],
                    "owner": "ThirdParty",
                    "provider": "GitHub",
                    "region": "ca-central-1",
                    "role_arn": "",
                    "run_order": 1,
                    "version": "1"
                  }
                ],
                "name": "Source"
              },
              {
                "action": [
                  {
                    "category": "Build",
                    "configuration": {
                      "ProjectName": "rails_terraform-codebuild"
                    },
                    "input_artifacts": [
                      "source"
                    ],
                    "name": "Build",
                    "namespace": "",
                    "output_artifacts": [
                      "imagedefinitions"
                    ],
                    "owner": "AWS",
                    "provider": "CodeBuild",
                    "region": "",
                    "role_arn": "",
                    "run_order": 1,
                    "version": "1"
                  }
                ],
                "name": "Build"
              },
              {
                "action": [
                  {
                    "category": "Deploy",
                    "configuration": {
                      "ClusterName": "testing-ecs-cluster",
                      "FileName": "imagedefinitions.json",
                      "ServiceName": "testing-web"
                    },
                    "input_artifacts": [
                      "imagedefinitions"
                    ],
                    "name": "Deploy",
                    "namespace": "",
                    "output_artifacts": [],
                    "owner": "AWS",
                    "provider": "ECS",
                    "region": "",
                    "role_arn": "",
                    "run_order": 1,
                    "version": "1"
                  }
                ],
                "name": "Production"
              }
            ],
            "tags": {}
          },
          "private": "bnVsbA==",
          "dependencies": [
            "module.code_pipeline.aws_iam_role.codepipeline_role",
            "module.code_pipeline.aws_s3_bucket.source",
            "module.ecs.aws_ecs_cluster.cluster",
            "module.ecs.aws_ecs_service.web"
          ]
        }
      ]
    },
    {
      "module": "module.code_pipeline",
      "mode": "managed",
      "type": "aws_iam_role",
      "name": "codebuild_role",
      "provider": "provider[\"registry.terraform.io/hashicorp/aws\"]",
      "instances": [
        {
          "schema_version": 0,
          "attributes": {
            "arn": "arn:aws:iam::628132563466:role/codebuild-role",
            "assume_role_policy": "{\"Version\":\"2012-10-17\",\"Statement\":[{\"Effect\":\"Allow\",\"Principal\":{\"Service\":\"codebuild.amazonaws.com\"},\"Action\":\"sts:AssumeRole\"}]}",
            "create_date": "2021-02-22T15:07:40Z",
            "description": "",
            "force_detach_policies": false,
            "id": "codebuild-role",
            "max_session_duration": 3600,
            "name": "codebuild-role",
            "name_prefix": null,
            "path": "/",
            "permissions_boundary": null,
            "tags": {},
            "unique_id": "AROAZEP46JIFINTBZF5OH"
          },
          "private": "bnVsbA=="
        }
      ]
    },
    {
      "module": "module.code_pipeline",
      "mode": "managed",
      "type": "aws_iam_role",
      "name": "codepipeline_role",
      "provider": "provider[\"registry.terraform.io/hashicorp/aws\"]",
      "instances": [
        {
          "schema_version": 0,
          "attributes": {
            "arn": "arn:aws:iam::628132563466:role/codepipeline-role",
            "assume_role_policy": "{\"Version\":\"2012-10-17\",\"Statement\":[{\"Effect\":\"Allow\",\"Principal\":{\"Service\":\"codepipeline.amazonaws.com\"},\"Action\":\"sts:AssumeRole\"}]}",
            "create_date": "2021-02-22T15:07:40Z",
            "description": "",
            "force_detach_policies": false,
            "id": "codepipeline-role",
            "max_session_duration": 3600,
            "name": "codepipeline-role",
            "name_prefix": null,
            "path": "/",
            "permissions_boundary": null,
            "tags": {},
            "unique_id": "AROAZEP46JIFFF5C5X5KI"
          },
          "private": "bnVsbA=="
        }
      ]
    },
    {
      "module": "module.code_pipeline",
      "mode": "managed",
      "type": "aws_iam_role_policy",
      "name": "codebuild_policy",
      "provider": "provider[\"registry.terraform.io/hashicorp/aws\"]",
      "instances": [
        {
          "schema_version": 0,
          "attributes": {
            "id": "codebuild-role:codebuild-policy",
            "name": "codebuild-policy",
            "name_prefix": null,
            "policy": "{\n  \"Version\": \"2012-10-17\",\n  \"Statement\": [\n    {\n      \"Effect\": \"Allow\",\n      \"Resource\": [\n        \"*\"\n      ],\n      \"Action\": [\n        \"logs:CreateLogGroup\",\n        \"logs:CreateLogStream\",\n        \"logs:PutLogEvents\",\n        \"ecr:GetAuthorizationToken\",\n        \"ecr:InitiateLayerUpload\",\n        \"ecr:UploadLayerPart\",\n        \"ecr:CompleteLayerUpload\",\n        \"ecr:BatchCheckLayerAvailability\",\n        \"ecr:PutImage\",\n        \"ecs:RunTask\",\n        \"iam:PassRole\"\n      ]\n    },\n    {\n      \"Effect\":\"Allow\",\n      \"Action\": [\n        \"s3:GetObject\",\n        \"s3:GetObjectVersion\",\n        \"s3:GetBucketVersioning\",\n        \"s3:List*\",\n        \"s3:PutObject\"\n      ],\n      \"Resource\": [\n        \"arn:aws:s3:::rails-terraform-experiment-source-3\",\n        \"arn:aws:s3:::rails-terraform-experiment-source-3/*\"\n      ]\n    }\n  ]\n}",
            "role": "codebuild-role"
          },
          "private": "bnVsbA==",
          "dependencies": [
            "module.code_pipeline.aws_iam_role.codebuild_role",
            "module.code_pipeline.aws_s3_bucket.source",
            "module.code_pipeline.data.template_file.codebuild_policy"
          ]
        }
      ]
    },
    {
      "module": "module.code_pipeline",
      "mode": "managed",
      "type": "aws_iam_role_policy",
      "name": "codepipeline_policy",
      "provider": "provider[\"registry.terraform.io/hashicorp/aws\"]",
      "instances": [
        {
          "schema_version": 0,
          "attributes": {
            "id": "codepipeline-role:codepipeline_policy",
            "name": "codepipeline_policy",
            "name_prefix": null,
            "policy": "{\n  \"Version\": \"2012-10-17\",\n  \"Statement\": [\n    {\n      \"Effect\":\"Allow\",\n      \"Action\": [\n        \"s3:GetObject\",\n        \"s3:GetObjectVersion\",\n        \"s3:GetBucketVersioning\",\n        \"s3:List*\",\n        \"s3:PutObject\"\n      ],\n      \"Resource\": [\n        \"arn:aws:s3:::rails-terraform-experiment-source-3\",\n        \"arn:aws:s3:::rails-terraform-experiment-source-3/*\"\n      ]\n    },\n    {\n      \"Effect\": \"Allow\",\n      \"Action\": [\n        \"codebuild:BatchGetBuilds\",\n        \"codebuild:StartBuild\"\n      ],\n      \"Resource\": \"*\"\n    },\n    {\n      \"Action\": [\n        \"ecs:*\",\n        \"events:DescribeRule\",\n        \"events:DeleteRule\",\n        \"events:ListRuleNamesByTarget\",\n        \"events:ListTargetsByRule\",\n        \"events:PutRule\",\n        \"events:PutTargets\",\n        \"events:RemoveTargets\",\n        \"iam:ListAttachedRolePolicies\",\n        \"iam:ListInstanceProfiles\",\n        \"iam:ListRoles\",\n        \"logs:CreateLogGroup\",\n        \"logs:DescribeLogGroups\",\n        \"logs:FilterLogEvents\"\n      ],\n      \"Resource\": \"*\",\n      \"Effect\": \"Allow\"\n    },\n    {\n      \"Action\": \"iam:PassRole\",\n      \"Effect\": \"Allow\",\n      \"Resource\": [\n        \"*\"\n      ],\n      \"Condition\": {\n        \"StringLike\": {\n          \"iam:PassedToService\": \"ecs-tasks.amazonaws.com\"\n        }\n      }\n    },\n    {\n      \"Action\": \"iam:PassRole\",\n      \"Effect\": \"Allow\",\n      \"Resource\": [\n        \"arn:aws:iam::*:role/ecsInstanceRole*\"\n      ],\n      \"Condition\": {\n        \"StringLike\": {\n          \"iam:PassedToService\": [\n            \"ec2.amazonaws.com\",\n            \"ec2.amazonaws.com.cn\"\n          ]\n        }\n      }\n    },\n    {\n      \"Action\": \"iam:PassRole\",\n      \"Effect\": \"Allow\",\n      \"Resource\": [\n        \"arn:aws:iam::*:role/ecsAutoscaleRole*\"\n      ],\n      \"Condition\": {\n        \"StringLike\": {\n          \"iam:PassedToService\": [\n            \"application-autoscaling.amazonaws.com\",\n            \"application-autoscaling.amazonaws.com.cn\"\n          ]\n        }\n      }\n    },\n    {\n      \"Effect\": \"Allow\",\n      \"Action\": \"iam:CreateServiceLinkedRole\",\n      \"Resource\": \"*\",\n      \"Condition\": {\n        \"StringLike\": {\n          \"iam:AWSServiceName\": [\n            \"ecs.amazonaws.com\",\n            \"spot.amazonaws.com\",\n            \"spotfleet.amazonaws.com\"\n          ]\n        }\n      }\n    }\n  ]\n}",
            "role": "codepipeline-role"
          },
          "private": "bnVsbA==",
          "dependencies": [
            "module.code_pipeline.aws_iam_role.codepipeline_role",
            "module.code_pipeline.aws_s3_bucket.source",
            "module.code_pipeline.data.template_file.codepipeline_policy"
          ]
        }
      ]
    },
    {
      "module": "module.code_pipeline",
      "mode": "managed",
      "type": "aws_s3_bucket",
      "name": "source",
      "provider": "provider[\"registry.terraform.io/hashicorp/aws\"]",
      "instances": [
        {
          "schema_version": 0,
          "attributes": {
            "acceleration_status": "",
            "acl": "private",
            "arn": "arn:aws:s3:::rails-terraform-experiment-source-3",
            "bucket": "rails-terraform-experiment-source-3",
            "bucket_domain_name": "rails-terraform-experiment-source-3.s3.amazonaws.com",
            "bucket_prefix": null,
            "bucket_regional_domain_name": "rails-terraform-experiment-source-3.s3.ca-central-1.amazonaws.com",
            "cors_rule": [],
            "force_destroy": true,
            "grant": [],
            "hosted_zone_id": "Z1QDHH18159H29",
            "id": "rails-terraform-experiment-source-3",
            "lifecycle_rule": [],
            "logging": [],
            "object_lock_configuration": [],
            "policy": null,
            "region": "ca-central-1",
            "replication_configuration": [],
            "request_payer": "BucketOwner",
            "server_side_encryption_configuration": [],
            "tags": {},
            "versioning": [
              {
                "enabled": false,
                "mfa_delete": false
              }
            ],
            "website": [],
            "website_domain": null,
            "website_endpoint": null
          },
          "private": "bnVsbA=="
        }
      ]
    },
    {
      "module": "module.ecs",
      "mode": "data",
      "type": "aws_ecs_task_definition",
      "name": "web",
      "provider": "provider[\"registry.terraform.io/hashicorp/aws\"]",
      "instances": [
        {
          "schema_version": 0,
          "attributes": {
            "family": "testing_web",
            "id": "arn:aws:ecs:ca-central-1:628132563466:task-definition/testing_web:19",
            "network_mode": "awsvpc",
            "revision": 19,
            "status": "ACTIVE",
            "task_definition": "testing_web",
            "task_role_arn": "arn:aws:iam::628132563466:role/ecs_task_execution_role"
          }
        }
      ]
    },
    {
      "module": "module.ecs",
      "mode": "data",
      "type": "aws_iam_policy_document",
      "name": "ecs_service_policy",
      "provider": "provider[\"registry.terraform.io/hashicorp/aws\"]",
      "instances": [
        {
          "schema_version": 0,
          "attributes": {
            "id": "3615693260",
            "json": "{\n  \"Version\": \"2012-10-17\",\n  \"Statement\": [\n    {\n      \"Sid\": \"\",\n      \"Effect\": \"Allow\",\n      \"Action\": [\n        \"elasticloadbalancing:RegisterInstancesWithLoadBalancer\",\n        \"elasticloadbalancing:Describe*\",\n        \"elasticloadbalancing:DeregisterInstancesFromLoadBalancer\",\n        \"ec2:Describe*\",\n        \"ec2:AuthorizeSecurityGroupIngress\"\n      ],\n      \"Resource\": \"*\"\n    }\n  ]\n}",
            "override_json": null,
            "override_policy_documents": null,
            "policy_id": null,
            "source_json": null,
            "source_policy_documents": null,
            "statement": [
              {
                "actions": [
                  "ec2:AuthorizeSecurityGroupIngress",
                  "ec2:Describe*",
                  "elasticloadbalancing:DeregisterInstancesFromLoadBalancer",
                  "elasticloadbalancing:Describe*",
                  "elasticloadbalancing:RegisterInstancesWithLoadBalancer"
                ],
                "condition": [],
                "effect": "Allow",
                "not_actions": [],
                "not_principals": [],
                "not_resources": [],
                "principals": [],
                "resources": [
                  "*"
                ],
                "sid": ""
              }
            ],
            "version": "2012-10-17"
          }
        }
      ]
    },
    {
      "module": "module.ecs",
      "mode": "data",
      "type": "aws_iam_policy_document",
      "name": "ecs_service_role",
      "provider": "provider[\"registry.terraform.io/hashicorp/aws\"]",
      "instances": [
        {
          "schema_version": 0,
          "attributes": {
            "id": "3622649364",
            "json": "{\n  \"Version\": \"2012-10-17\",\n  \"Statement\": [\n    {\n      \"Sid\": \"\",\n      \"Effect\": \"Allow\",\n      \"Action\": \"sts:AssumeRole\",\n      \"Principal\": {\n        \"Service\": \"ecs.amazonaws.com\"\n      }\n    }\n  ]\n}",
            "override_json": null,
            "override_policy_documents": null,
            "policy_id": null,
            "source_json": null,
            "source_policy_documents": null,
            "statement": [
              {
                "actions": [
                  "sts:AssumeRole"
                ],
                "condition": [],
                "effect": "Allow",
                "not_actions": [],
                "not_principals": [],
                "not_resources": [],
                "principals": [
                  {
                    "identifiers": [
                      "ecs.amazonaws.com"
                    ],
                    "type": "Service"
                  }
                ],
                "resources": [],
                "sid": ""
              }
            ],
            "version": "2012-10-17"
          }
        }
      ]
    },
    {
      "module": "module.ecs",
      "mode": "data",
      "type": "template_file",
      "name": "db_migrate_task",
      "provider": "provider[\"registry.terraform.io/hashicorp/template\"]",
      "instances": [
        {
          "schema_version": 0,
          "attributes": {
            "filename": null,
            "id": "3aae2e77bab71684368907b4fc791c712e36404bdc97c43fb8c341373754d1be",
            "rendered": "[\n  {\n    \"name\": \"db-migrate\",\n    \"image\": \"628132563466.dkr.ecr.ca-central-1.amazonaws.com/codeitquick/pokerhandrangerubyreact\",\n    \"command\": [\"bundle\", \"exec\", \"rake\", \"db:migrate\"],\n    \"memory\": 300,\n    \"logConfiguration\": {\n      \"logDriver\": \"awslogs\",\n      \"options\": {\n        \"awslogs-group\": \"rails_terraform\",\n        \"awslogs-region\": \"ca-central-1\",\n        \"awslogs-stream-prefix\": \"db_migrate\"\n      }\n    },\n    \"environment\": [\n      {\n        \"name\": \"RAILS_ENV\",\n        \"value\": \"production\"\n      },\n      {\n        \"name\": \"DATABASE_URL\",\n        \"value\": \"postgresql://railsterraform:myawesomepasswordproduction@testing-database.c1lljxsfn1bu.ca-central-1.rds.amazonaws.com:5432/PokerHandRangeDb?encoding=utf8\u0026pool=40\"\n      },\n      {\n        \"name\": \"SECRET_KEY_BASE\",\n        \"value\": \"8d412aee3ceaa494fe1c276f5f7e524b9e33f649c03690e689e5b36a0cf4ce2a6f50024bc31f276c22b668e619d61a42b79f5e595759f377a8fa373e2907f41e\"\n      },\n      {\n        \"name\": \"RAILS_LOG_TO_STDOUT\",\n        \"value\": \"true\"\n      }\n    ]\n  }\n]\n",
            "template": "[\n  {\n    \"name\": \"db-migrate\",\n    \"image\": \"${image}\",\n    \"command\": [\"bundle\", \"exec\", \"rake\", \"db:migrate\"],\n    \"memory\": 300,\n    \"logConfiguration\": {\n      \"logDriver\": \"awslogs\",\n      \"options\": {\n        \"awslogs-group\": \"${log_group}\",\n        \"awslogs-region\": \"ca-central-1\",\n        \"awslogs-stream-prefix\": \"db_migrate\"\n      }\n    },\n    \"environment\": [\n      {\n        \"name\": \"RAILS_ENV\",\n        \"value\": \"production\"\n      },\n      {\n        \"name\": \"DATABASE_URL\",\n        \"value\": \"${database_url}\"\n      },\n      {\n        \"name\": \"SECRET_KEY_BASE\",\n        \"value\": \"${secret_key_base}\"\n      },\n      {\n        \"name\": \"RAILS_LOG_TO_STDOUT\",\n        \"value\": \"true\"\n      }\n    ]\n  }\n]\n",
            "vars": {
              "database_url": "postgresql://railsterraform:myawesomepasswordproduction@testing-database.c1lljxsfn1bu.ca-central-1.rds.amazonaws.com:5432/PokerHandRangeDb?encoding=utf8\u0026pool=40",
              "image": "628132563466.dkr.ecr.ca-central-1.amazonaws.com/codeitquick/pokerhandrangerubyreact",
              "log_group": "rails_terraform",
              "secret_key_base": "8d412aee3ceaa494fe1c276f5f7e524b9e33f649c03690e689e5b36a0cf4ce2a6f50024bc31f276c22b668e619d61a42b79f5e595759f377a8fa373e2907f41e"
            }
          }
        }
      ]
    },
    {
      "module": "module.ecs",
      "mode": "data",
      "type": "template_file",
      "name": "web_task",
      "provider": "provider[\"registry.terraform.io/hashicorp/template\"]",
      "instances": [
        {
          "schema_version": 0,
          "attributes": {
            "filename": null,
            "id": "029fdb2d8e789d1b1f0fc335e1cb66be640a5d15b8b59c6af057feb97c83b92a",
            "rendered": "[\n  {\n    \"name\": \"web\",\n    \"image\": \"628132563466.dkr.ecr.ca-central-1.amazonaws.com/codeitquick/pokerhandrangerubyreact\",\n    \"portMappings\": [\n      {\n        \"containerPort\": 80,\n        \"hostPort\": 80\n      }\n    ],\n    \"memory\": 300,\n    \"networkMode\": \"awsvpc\",\n    \"logConfiguration\": {\n      \"logDriver\": \"awslogs\",\n      \"options\": {\n        \"awslogs-group\": \"rails_terraform\",\n        \"awslogs-region\": \"ca-central-1\",\n        \"awslogs-stream-prefix\": \"web\"\n      }\n    },\n    \"environment\": [\n      {\n        \"name\": \"RAILS_ENV\",\n        \"value\": \"production\"\n      },\n      {\n        \"name\": \"DATABASE_URL\",\n        \"value\": \"postgresql://railsterraform:myawesomepasswordproduction@testing-database.c1lljxsfn1bu.ca-central-1.rds.amazonaws.com:5432/PokerHandRangeDb?encoding=utf8\u0026pool=40\"\n      },\n      {\n        \"name\": \"SECRET_KEY_BASE\",\n        \"value\": \"8d412aee3ceaa494fe1c276f5f7e524b9e33f649c03690e689e5b36a0cf4ce2a6f50024bc31f276c22b668e619d61a42b79f5e595759f377a8fa373e2907f41e\"\n      },\n      {\n        \"name\": \"PORT\",\n        \"value\": \"3000\"\n      },\n      {\n        \"name\": \"RAILS_LOG_TO_STDOUT\",\n        \"value\": \"true\"\n      },\n      {\n        \"name\": \"RAILS_SERVE_STATIC_FILES\",\n        \"value\": \"true\"\n      }\n    ]\n  }\n]\n",
            "template": "[\n  {\n    \"name\": \"web\",\n    \"image\": \"${image}\",\n    \"portMappings\": [\n      {\n        \"containerPort\": 80,\n        \"hostPort\": 80\n      }\n    ],\n    \"memory\": 300,\n    \"networkMode\": \"awsvpc\",\n    \"logConfiguration\": {\n      \"logDriver\": \"awslogs\",\n      \"options\": {\n        \"awslogs-group\": \"${log_group}\",\n        \"awslogs-region\": \"ca-central-1\",\n        \"awslogs-stream-prefix\": \"web\"\n      }\n    },\n    \"environment\": [\n      {\n        \"name\": \"RAILS_ENV\",\n        \"value\": \"production\"\n      },\n      {\n        \"name\": \"DATABASE_URL\",\n        \"value\": \"${database_url}\"\n      },\n      {\n        \"name\": \"SECRET_KEY_BASE\",\n        \"value\": \"${secret_key_base}\"\n      },\n      {\n        \"name\": \"PORT\",\n        \"value\": \"3000\"\n      },\n      {\n        \"name\": \"RAILS_LOG_TO_STDOUT\",\n        \"value\": \"true\"\n      },\n      {\n        \"name\": \"RAILS_SERVE_STATIC_FILES\",\n        \"value\": \"true\"\n      }\n    ]\n  }\n]\n",
            "vars": {
              "database_url": "postgresql://railsterraform:myawesomepasswordproduction@testing-database.c1lljxsfn1bu.ca-central-1.rds.amazonaws.com:5432/PokerHandRangeDb?encoding=utf8\u0026pool=40",
              "image": "628132563466.dkr.ecr.ca-central-1.amazonaws.com/codeitquick/pokerhandrangerubyreact",
              "log_group": "rails_terraform",
              "secret_key_base": "8d412aee3ceaa494fe1c276f5f7e524b9e33f649c03690e689e5b36a0cf4ce2a6f50024bc31f276c22b668e619d61a42b79f5e595759f377a8fa373e2907f41e"
            }
          }
        }
      ]
    },
    {
      "module": "module.ecs",
      "mode": "managed",
      "type": "aws_alb",
      "name": "alb_rails-terraform",
      "provider": "provider[\"registry.terraform.io/hashicorp/aws\"]",
      "instances": [
        {
          "schema_version": 0,
          "attributes": {
            "access_logs": [
              {
                "bucket": "",
                "enabled": false,
                "prefix": ""
              }
            ],
            "arn": "arn:aws:elasticloadbalancing:ca-central-1:628132563466:loadbalancer/app/testing-alb-rails-terraform/9109805147a063ba",
            "arn_suffix": "app/testing-alb-rails-terraform/9109805147a063ba",
            "customer_owned_ipv4_pool": "",
            "dns_name": "testing-alb-rails-terraform-1155255640.ca-central-1.elb.amazonaws.com",
            "drop_invalid_header_fields": false,
            "enable_cross_zone_load_balancing": null,
            "enable_deletion_protection": false,
            "enable_http2": true,
            "id": "arn:aws:elasticloadbalancing:ca-central-1:628132563466:loadbalancer/app/testing-alb-rails-terraform/9109805147a063ba",
            "idle_timeout": 60,
            "internal": false,
            "ip_address_type": "ipv4",
            "load_balancer_type": "application",
            "name": "testing-alb-rails-terraform",
            "name_prefix": null,
            "security_groups": [
              "sg-035844cee7ed4dd9b",
              "sg-05a66fd7bb9ed695d",
              "sg-0640cebc2bdb08e2d"
            ],
            "subnet_mapping": [
              {
                "allocation_id": "",
                "ipv6_address": "",
                "outpost_id": "",
                "private_ipv4_address": "",
                "subnet_id": "subnet-0a27541c948e91091"
              },
              {
                "allocation_id": "",
                "ipv6_address": "",
                "outpost_id": "",
                "private_ipv4_address": "",
                "subnet_id": "subnet-0e0d9d4bd2cc8df18"
              }
            ],
            "subnets": [
              "subnet-0a27541c948e91091",
              "subnet-0e0d9d4bd2cc8df18"
            ],
            "tags": {
              "Environment": "testing",
              "Name": "testing-alb-rails_terraform"
            },
            "timeouts": null,
            "vpc_id": "vpc-0f04e22c1bca691d3",
            "zone_id": "ZQSVJUPU6J1EY"
          },
          "private": "eyJlMmJmYjczMC1lY2FhLTExZTYtOGY4OC0zNDM2M2JjN2M0YzAiOnsiY3JlYXRlIjo2MDAwMDAwMDAwMDAsImRlbGV0ZSI6NjAwMDAwMDAwMDAwLCJ1cGRhdGUiOjYwMDAwMDAwMDAwMH19",
          "dependencies": [
            "module.ecs.aws_security_group.web_inbound_sg",
            "module.networking.aws_security_group.default",
            "module.networking.aws_subnet.public_subnet",
            "module.networking.aws_vpc.vpc",
            "module.rds.aws_security_group.db_access_sg"
          ]
        }
      ]
    },
    {
      "module": "module.ecs",
      "mode": "managed",
      "type": "aws_alb_listener",
      "name": "rails_terraform",
      "provider": "provider[\"registry.terraform.io/hashicorp/aws\"]",
      "instances": [
        {
          "schema_version": 0,
          "attributes": {
            "arn": "arn:aws:elasticloadbalancing:ca-central-1:628132563466:listener/app/testing-alb-rails-terraform/9109805147a063ba/df9fe61b0721fd16",
            "certificate_arn": "arn:aws:acm:ca-central-1:628132563466:certificate/cabc2dde-3976-4dc4-9000-0590bb28bb7c",
            "default_action": [
              {
                "authenticate_cognito": [],
                "authenticate_oidc": [],
                "fixed_response": [],
                "forward": [],
                "order": 1,
                "redirect": [],
                "target_group_arn": "arn:aws:elasticloadbalancing:ca-central-1:628132563466:targetgroup/testing-alb-target-group-0aee/d26c790513235801",
                "type": "forward"
              }
            ],
            "id": "arn:aws:elasticloadbalancing:ca-central-1:628132563466:listener/app/testing-alb-rails-terraform/9109805147a063ba/df9fe61b0721fd16",
            "load_balancer_arn": "arn:aws:elasticloadbalancing:ca-central-1:628132563466:loadbalancer/app/testing-alb-rails-terraform/9109805147a063ba",
            "port": 443,
            "protocol": "HTTPS",
            "ssl_policy": "ELBSecurityPolicy-2016-08",
            "timeouts": null
          },
          "private": "eyJlMmJmYjczMC1lY2FhLTExZTYtOGY4OC0zNDM2M2JjN2M0YzAiOnsicmVhZCI6NjAwMDAwMDAwMDAwfX0=",
          "dependencies": [
            "module.ecs.aws_alb.alb_rails-terraform",
            "module.ecs.aws_alb_target_group.alb_target_group",
            "module.ecs.aws_security_group.web_inbound_sg",
            "module.ecs.random_id.target_group_sufix",
            "module.networking.aws_security_group.default",
            "module.networking.aws_subnet.public_subnet",
            "module.networking.aws_vpc.vpc",
            "module.rds.aws_security_group.db_access_sg"
          ]
        }
      ]
    },
    {
      "module": "module.ecs",
      "mode": "managed",
      "type": "aws_alb_target_group",
      "name": "alb_target_group",
      "provider": "provider[\"registry.terraform.io/hashicorp/aws\"]",
      "instances": [
        {
          "schema_version": 0,
          "attributes": {
            "arn": "arn:aws:elasticloadbalancing:ca-central-1:628132563466:targetgroup/testing-alb-target-group-0aee/d26c790513235801",
            "arn_suffix": "targetgroup/testing-alb-target-group-0aee/d26c790513235801",
            "deregistration_delay": 300,
            "health_check": [
              {
                "enabled": true,
                "healthy_threshold": 5,
                "interval": 30,
                "matcher": "200",
                "path": "/",
                "port": "traffic-port",
                "protocol": "HTTP",
                "timeout": 5,
                "unhealthy_threshold": 2
              }
            ],
            "id": "arn:aws:elasticloadbalancing:ca-central-1:628132563466:targetgroup/testing-alb-target-group-0aee/d26c790513235801",
            "lambda_multi_value_headers_enabled": false,
            "load_balancing_algorithm_type": "round_robin",
            "name": "testing-alb-target-group-0aee",
            "name_prefix": null,
            "port": 80,
            "protocol": "HTTP",
            "protocol_version": "HTTP1",
            "proxy_protocol_v2": false,
            "slow_start": 0,
            "stickiness": [
              {
                "cookie_duration": 86400,
                "enabled": true,
                "type": "lb_cookie"
              }
            ],
            "tags": {},
            "target_type": "ip",
            "vpc_id": "vpc-0f04e22c1bca691d3"
          },
          "private": "bnVsbA==",
          "dependencies": [
            "module.ecs.random_id.target_group_sufix",
            "module.networking.aws_vpc.vpc"
          ],
          "create_before_destroy": true
        }
      ]
    },
    {
      "module": "module.ecs",
      "mode": "managed",
      "type": "aws_cloudwatch_log_group",
      "name": "rails_terraform",
      "provider": "provider[\"registry.terraform.io/hashicorp/aws\"]",
      "instances": [
        {
          "schema_version": 0,
          "attributes": {
            "arn": "arn:aws:logs:ca-central-1:628132563466:log-group:rails_terraform",
            "id": "rails_terraform",
            "kms_key_id": "",
            "name": "rails_terraform",
            "name_prefix": null,
            "retention_in_days": 0,
            "tags": {
              "Application": "rails_terraform",
              "Environment": "testing"
            }
          },
          "private": "bnVsbA=="
        }
      ]
    },
    {
      "module": "module.ecs",
      "mode": "managed",
      "type": "aws_ecr_repository",
      "name": "rails_terraform_app",
      "provider": "provider[\"registry.terraform.io/hashicorp/aws\"]",
      "instances": [
        {
          "schema_version": 0,
          "attributes": {
            "arn": "arn:aws:ecr:ca-central-1:628132563466:repository/codeitquick/pokerhandrangerubyreact",
            "encryption_configuration": [
              {
                "encryption_type": "AES256",
                "kms_key": ""
              }
            ],
            "id": "codeitquick/pokerhandrangerubyreact",
            "image_scanning_configuration": [
              {
                "scan_on_push": false
              }
            ],
            "image_tag_mutability": "MUTABLE",
            "name": "codeitquick/pokerhandrangerubyreact",
            "registry_id": "628132563466",
            "repository_url": "628132563466.dkr.ecr.ca-central-1.amazonaws.com/codeitquick/pokerhandrangerubyreact",
            "tags": {},
            "timeouts": null
          },
          "private": "eyJlMmJmYjczMC1lY2FhLTExZTYtOGY4OC0zNDM2M2JjN2M0YzAiOnsiZGVsZXRlIjoxMjAwMDAwMDAwMDAwfX0="
        }
      ]
    },
    {
      "module": "module.ecs",
      "mode": "managed",
      "type": "aws_ecs_cluster",
      "name": "cluster",
      "provider": "provider[\"registry.terraform.io/hashicorp/aws\"]",
      "instances": [
        {
          "schema_version": 0,
          "attributes": {
            "arn": "arn:aws:ecs:ca-central-1:628132563466:cluster/testing-ecs-cluster",
            "capacity_providers": [],
            "default_capacity_provider_strategy": [],
            "id": "arn:aws:ecs:ca-central-1:628132563466:cluster/testing-ecs-cluster",
            "name": "testing-ecs-cluster",
            "setting": [
              {
                "name": "containerInsights",
                "value": "disabled"
              }
            ],
            "tags": {}
          },
          "private": "bnVsbA=="
        }
      ]
    },
    {
      "module": "module.ecs",
      "mode": "managed",
      "type": "aws_ecs_service",
      "name": "web",
      "provider": "provider[\"registry.terraform.io/hashicorp/aws\"]",
      "instances": [
        {
          "schema_version": 0,
          "attributes": {
            "capacity_provider_strategy": [],
            "cluster": "arn:aws:ecs:ca-central-1:628132563466:cluster/testing-ecs-cluster",
            "deployment_controller": [
              {
                "type": "ECS"
              }
            ],
            "deployment_maximum_percent": 200,
            "deployment_minimum_healthy_percent": 100,
            "desired_count": 1,
            "enable_ecs_managed_tags": false,
            "force_new_deployment": null,
            "health_check_grace_period_seconds": 0,
            "iam_role": "aws-service-role",
            "id": "arn:aws:ecs:ca-central-1:628132563466:service/testing-ecs-cluster/testing-web",
            "launch_type": "FARGATE",
            "load_balancer": [
              {
                "container_name": "web",
                "container_port": 80,
                "elb_name": "",
                "target_group_arn": "arn:aws:elasticloadbalancing:ca-central-1:628132563466:targetgroup/testing-alb-target-group-0aee/d26c790513235801"
              }
            ],
            "name": "testing-web",
            "network_configuration": [
              {
                "assign_public_ip": false,
                "security_groups": [
                  "sg-035844cee7ed4dd9b",
                  "sg-0640cebc2bdb08e2d",
                  "sg-0d81d03c18b26e083"
                ],
                "subnets": [
                  "subnet-065b97fe3fef353fc",
                  "subnet-0c3859c2e054f3809"
                ]
              }
            ],
            "ordered_placement_strategy": [],
            "placement_constraints": [],
            "platform_version": "LATEST",
            "propagate_tags": "NONE",
            "scheduling_strategy": "REPLICA",
            "service_registries": [],
            "tags": {},
            "task_definition": "testing_web:19",
            "timeouts": null,
            "wait_for_steady_state": false
          },
          "private": "eyJlMmJmYjczMC1lY2FhLTExZTYtOGY4OC0zNDM2M2JjN2M0YzAiOnsiZGVsZXRlIjoxMjAwMDAwMDAwMDAwfX0=",
          "dependencies": [
            "module.ecs.aws_alb_target_group.alb_target_group",
            "module.ecs.aws_cloudwatch_log_group.rails_terraform",
            "module.ecs.aws_ecr_repository.rails_terraform_app",
            "module.ecs.aws_ecs_cluster.cluster",
            "module.ecs.aws_ecs_task_definition.web",
            "module.ecs.aws_iam_role.ecs_execution_role",
            "module.ecs.aws_iam_role.ecs_role",
            "module.ecs.aws_iam_role_policy.ecs_service_role_policy",
            "module.ecs.aws_security_group.ecs_service",
            "module.ecs.data.aws_ecs_task_definition.web",
            "module.ecs.data.aws_iam_policy_document.ecs_service_policy",
            "module.ecs.data.aws_iam_policy_document.ecs_service_role",
            "module.ecs.data.template_file.web_task",
            "module.ecs.random_id.target_group_sufix",
            "module.networking.aws_security_group.default",
            "module.networking.aws_subnet.private_subnet",
            "module.networking.aws_vpc.vpc",
            "module.rds.aws_db_instance.rds",
            "module.rds.aws_db_subnet_group.rds_subnet_group",
            "module.rds.aws_security_group.db_access_sg",
            "module.rds.aws_security_group.rds_sg"
          ]
        }
      ]
    },
    {
      "module": "module.ecs",
      "mode": "managed",
      "type": "aws_ecs_task_definition",
      "name": "db_migrate",
      "provider": "provider[\"registry.terraform.io/hashicorp/aws\"]",
      "instances": [
        {
          "schema_version": 1,
          "attributes": {
            "arn": "arn:aws:ecs:ca-central-1:628132563466:task-definition/testing_db_migrate:12",
            "container_definitions": "[{\"command\":[\"bundle\",\"exec\",\"rake\",\"db:migrate\"],\"cpu\":0,\"environment\":[{\"name\":\"DATABASE_URL\",\"value\":\"postgresql://railsterraform:myawesomepasswordproduction@testing-database.c1lljxsfn1bu.ca-central-1.rds.amazonaws.com:5432/PokerHandRangeDb?encoding=utf8\u0026pool=40\"},{\"name\":\"RAILS_ENV\",\"value\":\"production\"},{\"name\":\"RAILS_LOG_TO_STDOUT\",\"value\":\"true\"},{\"name\":\"SECRET_KEY_BASE\",\"value\":\"8d412aee3ceaa494fe1c276f5f7e524b9e33f649c03690e689e5b36a0cf4ce2a6f50024bc31f276c22b668e619d61a42b79f5e595759f377a8fa373e2907f41e\"}],\"essential\":true,\"image\":\"628132563466.dkr.ecr.ca-central-1.amazonaws.com/codeitquick/pokerhandrangerubyreact\",\"logConfiguration\":{\"logDriver\":\"awslogs\",\"options\":{\"awslogs-group\":\"rails_terraform\",\"awslogs-region\":\"ca-central-1\",\"awslogs-stream-prefix\":\"db_migrate\"}},\"memory\":300,\"mountPoints\":[],\"name\":\"db-migrate\",\"portMappings\":[],\"volumesFrom\":[]}]",
            "cpu": "256",
            "execution_role_arn": "arn:aws:iam::628132563466:role/ecs_task_execution_role",
            "family": "testing_db_migrate",
            "id": "testing_db_migrate",
            "inference_accelerator": [],
            "ipc_mode": "",
            "memory": "512",
            "network_mode": "awsvpc",
            "pid_mode": "",
            "placement_constraints": [],
            "proxy_configuration": [],
            "requires_compatibilities": [
              "FARGATE"
            ],
            "revision": 12,
            "tags": {},
            "task_role_arn": "arn:aws:iam::628132563466:role/ecs_task_execution_role",
            "volume": []
          },
          "private": "eyJzY2hlbWFfdmVyc2lvbiI6IjEifQ==",
          "dependencies": [
            "module.ecs.aws_ecr_repository.rails_terraform_app",
            "module.ecs.aws_iam_role.ecs_execution_role",
            "module.ecs.data.template_file.db_migrate_task",
            "module.networking.aws_subnet.private_subnet",
            "module.networking.aws_vpc.vpc",
            "module.rds.aws_db_instance.rds",
            "module.rds.aws_db_subnet_group.rds_subnet_group",
            "module.rds.aws_security_group.db_access_sg",
            "module.rds.aws_security_group.rds_sg"
          ]
        }
      ]
    },
    {
      "module": "module.ecs",
      "mode": "managed",
      "type": "aws_ecs_task_definition",
      "name": "web",
      "provider": "provider[\"registry.terraform.io/hashicorp/aws\"]",
      "instances": [
        {
          "schema_version": 1,
          "attributes": {
            "arn": "arn:aws:ecs:ca-central-1:628132563466:task-definition/testing_web:17",
            "container_definitions": "[{\"cpu\":0,\"environment\":[{\"name\":\"DATABASE_URL\",\"value\":\"postgresql://railsterraform:myawesomepasswordproduction@testing-database.c1lljxsfn1bu.ca-central-1.rds.amazonaws.com:5432/PokerHandRangeDb?encoding=utf8\u0026pool=40\"},{\"name\":\"PORT\",\"value\":\"3000\"},{\"name\":\"RAILS_ENV\",\"value\":\"production\"},{\"name\":\"RAILS_LOG_TO_STDOUT\",\"value\":\"true\"},{\"name\":\"RAILS_SERVE_STATIC_FILES\",\"value\":\"true\"},{\"name\":\"SECRET_KEY_BASE\",\"value\":\"8d412aee3ceaa494fe1c276f5f7e524b9e33f649c03690e689e5b36a0cf4ce2a6f50024bc31f276c22b668e619d61a42b79f5e595759f377a8fa373e2907f41e\"}],\"essential\":true,\"image\":\"628132563466.dkr.ecr.ca-central-1.amazonaws.com/codeitquick/pokerhandrangerubyreact\",\"logConfiguration\":{\"logDriver\":\"awslogs\",\"options\":{\"awslogs-group\":\"rails_terraform\",\"awslogs-region\":\"ca-central-1\",\"awslogs-stream-prefix\":\"web\"}},\"memory\":300,\"mountPoints\":[],\"name\":\"web\",\"portMappings\":[{\"containerPort\":80,\"hostPort\":80,\"protocol\":\"tcp\"}],\"volumesFrom\":[]}]",
            "cpu": "256",
            "execution_role_arn": "arn:aws:iam::628132563466:role/ecs_task_execution_role",
            "family": "testing_web",
            "id": "testing_web",
            "inference_accelerator": [],
            "ipc_mode": "",
            "memory": "1024",
            "network_mode": "awsvpc",
            "pid_mode": "",
            "placement_constraints": [],
            "proxy_configuration": [],
            "requires_compatibilities": [
              "FARGATE"
            ],
            "revision": 17,
            "tags": {},
            "task_role_arn": "arn:aws:iam::628132563466:role/ecs_task_execution_role",
            "volume": []
          },
          "private": "eyJzY2hlbWFfdmVyc2lvbiI6IjEifQ==",
          "dependencies": [
            "module.ecs.aws_cloudwatch_log_group.rails_terraform",
            "module.ecs.aws_ecr_repository.rails_terraform_app",
            "module.ecs.aws_iam_role.ecs_execution_role",
            "module.ecs.data.template_file.web_task",
            "module.networking.aws_subnet.private_subnet",
            "module.networking.aws_vpc.vpc",
            "module.rds.aws_db_instance.rds",
            "module.rds.aws_db_subnet_group.rds_subnet_group",
            "module.rds.aws_security_group.db_access_sg",
            "module.rds.aws_security_group.rds_sg"
          ]
        }
      ]
    },
    {
      "module": "module.ecs",
      "mode": "managed",
      "type": "aws_iam_role",
      "name": "ecs_execution_role",
      "provider": "provider[\"registry.terraform.io/hashicorp/aws\"]",
      "instances": [
        {
          "schema_version": 0,
          "attributes": {
            "arn": "arn:aws:iam::628132563466:role/ecs_task_execution_role",
            "assume_role_policy": "{\"Version\":\"2012-10-17\",\"Statement\":[{\"Sid\":\"\",\"Effect\":\"Allow\",\"Principal\":{\"Service\":\"ecs-tasks.amazonaws.com\"},\"Action\":\"sts:AssumeRole\"}]}",
            "create_date": "2021-02-22T15:07:40Z",
            "description": "",
            "force_detach_policies": false,
            "id": "ecs_task_execution_role",
            "max_session_duration": 3600,
            "name": "ecs_task_execution_role",
            "name_prefix": null,
            "path": "/",
            "permissions_boundary": null,
            "tags": {},
            "unique_id": "AROAZEP46JIFBUCJ2OXTW"
          },
          "private": "bnVsbA=="
        }
      ]
    },
    {
      "module": "module.ecs",
      "mode": "managed",
      "type": "aws_iam_role",
      "name": "ecs_role",
      "provider": "provider[\"registry.terraform.io/hashicorp/aws\"]",
      "instances": [
        {
          "schema_version": 0,
          "attributes": {
            "arn": "arn:aws:iam::628132563466:role/ecs_role",
            "assume_role_policy": "{\"Version\":\"2012-10-17\",\"Statement\":[{\"Sid\":\"\",\"Effect\":\"Allow\",\"Principal\":{\"Service\":\"ecs.amazonaws.com\"},\"Action\":\"sts:AssumeRole\"}]}",
            "create_date": "2021-02-22T15:07:40Z",
            "description": "",
            "force_detach_policies": false,
            "id": "ecs_role",
            "max_session_duration": 3600,
            "name": "ecs_role",
            "name_prefix": null,
            "path": "/",
            "permissions_boundary": null,
            "tags": {},
            "unique_id": "AROAZEP46JIFFZEXTAZSZ"
          },
          "private": "bnVsbA==",
          "dependencies": [
            "module.ecs.data.aws_iam_policy_document.ecs_service_role"
          ]
        }
      ]
    },
    {
      "module": "module.ecs",
      "mode": "managed",
      "type": "aws_iam_role_policy",
      "name": "ecs_execution_role_policy",
      "provider": "provider[\"registry.terraform.io/hashicorp/aws\"]",
      "instances": [
        {
          "schema_version": 0,
          "attributes": {
            "id": "ecs_task_execution_role:ecs_execution_role_policy",
            "name": "ecs_execution_role_policy",
            "name_prefix": null,
            "policy": "{\n  \"Version\": \"2012-10-17\",\n  \"Statement\": [\n    {\n      \"Effect\": \"Allow\",\n      \"Action\": [\n        \"ecr:GetAuthorizationToken\",\n        \"ecr:BatchCheckLayerAvailability\",\n        \"ecr:GetDownloadUrlForLayer\",\n        \"ecr:BatchGetImage\",\n        \"logs:CreateLogStream\",\n        \"logs:PutLogEvents\"\n      ],\n      \"Resource\": \"*\"\n    }\n  ]\n}",
            "role": "ecs_task_execution_role"
          },
          "private": "bnVsbA==",
          "dependencies": [
            "module.ecs.aws_iam_role.ecs_execution_role"
          ]
        }
      ]
    },
    {
      "module": "module.ecs",
      "mode": "managed",
      "type": "aws_iam_role_policy",
      "name": "ecs_service_role_policy",
      "provider": "provider[\"registry.terraform.io/hashicorp/aws\"]",
      "instances": [
        {
          "schema_version": 0,
          "attributes": {
            "id": "ecs_role:ecs_service_role_policy",
            "name": "ecs_service_role_policy",
            "name_prefix": null,
            "policy": "{\n  \"Version\": \"2012-10-17\",\n  \"Statement\": [\n    {\n      \"Sid\": \"\",\n      \"Effect\": \"Allow\",\n      \"Action\": [\n        \"elasticloadbalancing:RegisterInstancesWithLoadBalancer\",\n        \"elasticloadbalancing:Describe*\",\n        \"elasticloadbalancing:DeregisterInstancesFromLoadBalancer\",\n        \"ec2:Describe*\",\n        \"ec2:AuthorizeSecurityGroupIngress\"\n      ],\n      \"Resource\": \"*\"\n    }\n  ]\n}",
            "role": "ecs_role"
          },
          "private": "bnVsbA==",
          "dependencies": [
            "module.ecs.aws_iam_role.ecs_role",
            "module.ecs.data.aws_iam_policy_document.ecs_service_policy",
            "module.ecs.data.aws_iam_policy_document.ecs_service_role"
          ]
        }
      ]
    },
    {
      "module": "module.ecs",
      "mode": "managed",
      "type": "aws_security_group",
      "name": "ecs_service",
      "provider": "provider[\"registry.terraform.io/hashicorp/aws\"]",
      "instances": [
        {
          "schema_version": 1,
          "attributes": {
            "arn": "arn:aws:ec2:ca-central-1:628132563466:security-group/sg-0d81d03c18b26e083",
            "description": "Allow egress from container",
            "egress": [
              {
                "cidr_blocks": [
                  "0.0.0.0/0"
                ],
                "description": "",
                "from_port": 0,
                "ipv6_cidr_blocks": [],
                "prefix_list_ids": [],
                "protocol": "-1",
                "security_groups": [],
                "self": false,
                "to_port": 0
              }
            ],
            "id": "sg-0d81d03c18b26e083",
            "ingress": [
              {
                "cidr_blocks": [
                  "0.0.0.0/0"
                ],
                "description": "",
                "from_port": 8,
                "ipv6_cidr_blocks": [],
                "prefix_list_ids": [],
                "protocol": "icmp",
                "security_groups": [],
                "self": false,
                "to_port": 0
              }
            ],
            "name": "testing-ecs-service-sg",
            "name_prefix": "",
            "owner_id": "628132563466",
            "revoke_rules_on_delete": false,
            "tags": {
              "Environment": "testing",
              "Name": "testing-ecs-service-sg"
            },
            "timeouts": null,
            "vpc_id": "vpc-0f04e22c1bca691d3"
          },
          "private": "eyJlMmJmYjczMC1lY2FhLTExZTYtOGY4OC0zNDM2M2JjN2M0YzAiOnsiY3JlYXRlIjo2MDAwMDAwMDAwMDAsImRlbGV0ZSI6NjAwMDAwMDAwMDAwfSwic2NoZW1hX3ZlcnNpb24iOiIxIn0=",
          "dependencies": [
            "module.networking.aws_vpc.vpc"
          ]
        }
      ]
    },
    {
      "module": "module.ecs",
      "mode": "managed",
      "type": "aws_security_group",
      "name": "web_inbound_sg",
      "provider": "provider[\"registry.terraform.io/hashicorp/aws\"]",
      "instances": [
        {
          "schema_version": 1,
          "attributes": {
            "arn": "arn:aws:ec2:ca-central-1:628132563466:security-group/sg-05a66fd7bb9ed695d",
            "description": "Allow HTTP from Anywhere into ALB",
            "egress": [
              {
                "cidr_blocks": [
                  "0.0.0.0/0"
                ],
                "description": "",
                "from_port": 0,
                "ipv6_cidr_blocks": [],
                "prefix_list_ids": [],
                "protocol": "-1",
                "security_groups": [],
                "self": false,
                "to_port": 0
              }
            ],
            "id": "sg-05a66fd7bb9ed695d",
            "ingress": [
              {
                "cidr_blocks": [
                  "0.0.0.0/0"
                ],
                "description": "",
                "from_port": 443,
                "ipv6_cidr_blocks": [],
                "prefix_list_ids": [],
                "protocol": "tcp",
                "security_groups": [],
                "self": false,
                "to_port": 443
              },
              {
                "cidr_blocks": [
                  "0.0.0.0/0"
                ],
                "description": "",
                "from_port": 80,
                "ipv6_cidr_blocks": [],
                "prefix_list_ids": [],
                "protocol": "tcp",
                "security_groups": [],
                "self": false,
                "to_port": 80
              },
              {
                "cidr_blocks": [
                  "0.0.0.0/0"
                ],
                "description": "",
                "from_port": 8,
                "ipv6_cidr_blocks": [],
                "prefix_list_ids": [],
                "protocol": "icmp",
                "security_groups": [],
                "self": false,
                "to_port": 0
              }
            ],
            "name": "testing-web-inbound-sg",
            "name_prefix": "",
            "owner_id": "628132563466",
            "revoke_rules_on_delete": false,
            "tags": {
              "Name": "testing-web-inbound-sg"
            },
            "timeouts": null,
            "vpc_id": "vpc-0f04e22c1bca691d3"
          },
          "private": "eyJlMmJmYjczMC1lY2FhLTExZTYtOGY4OC0zNDM2M2JjN2M0YzAiOnsiY3JlYXRlIjo2MDAwMDAwMDAwMDAsImRlbGV0ZSI6NjAwMDAwMDAwMDAwfSwic2NoZW1hX3ZlcnNpb24iOiIxIn0=",
          "dependencies": [
            "module.networking.aws_vpc.vpc"
          ]
        }
      ]
    },
    {
      "module": "module.ecs",
      "mode": "managed",
      "type": "random_id",
      "name": "target_group_sufix",
      "provider": "provider[\"registry.terraform.io/hashicorp/random\"]",
      "instances": [
        {
          "schema_version": 0,
          "attributes": {
            "b64_std": "Cu4=",
            "b64_url": "Cu4",
            "byte_length": 2,
            "dec": "2798",
            "hex": "0aee",
            "id": "Cu4",
            "keepers": null,
            "prefix": null
          },
          "private": "bnVsbA=="
        }
      ]
    },
    {
      "module": "module.networking",
      "mode": "managed",
      "type": "aws_eip",
      "name": "nat_eip",
      "provider": "provider[\"registry.terraform.io/hashicorp/aws\"]",
      "instances": [
        {
          "schema_version": 0,
          "attributes": {
            "allocation_id": null,
            "associate_with_private_ip": null,
            "association_id": "eipassoc-0ea2bfb83b2ad4d17",
            "carrier_ip": "",
            "customer_owned_ip": "",
            "customer_owned_ipv4_pool": "",
            "domain": "vpc",
            "id": "eipalloc-0751daa4faca39a35",
            "instance": "",
            "network_border_group": "ca-central-1",
            "network_interface": "eni-0feee9d998048ff30",
            "private_dns": "ip-10-0-1-58.ca-central-1.compute.internal",
            "private_ip": "10.0.1.58",
            "public_dns": "ec2-3-97-179-217.ca-central-1.compute.amazonaws.com",
            "public_ip": "3.97.179.217",
            "public_ipv4_pool": "amazon",
            "tags": {},
            "timeouts": null,
            "vpc": true
          },
          "private": "eyJlMmJmYjczMC1lY2FhLTExZTYtOGY4OC0zNDM2M2JjN2M0YzAiOnsiZGVsZXRlIjoxODAwMDAwMDAwMDAsInJlYWQiOjkwMDAwMDAwMDAwMCwidXBkYXRlIjozMDAwMDAwMDAwMDB9fQ==",
          "dependencies": [
            "module.networking.aws_internet_gateway.ig",
            "module.networking.aws_vpc.vpc"
          ]
        }
      ]
    },
    {
      "module": "module.networking",
      "mode": "managed",
      "type": "aws_internet_gateway",
      "name": "ig",
      "provider": "provider[\"registry.terraform.io/hashicorp/aws\"]",
      "instances": [
        {
          "schema_version": 0,
          "attributes": {
            "arn": "arn:aws:ec2:ca-central-1:628132563466:internet-gateway/igw-0c928a5b996056cca",
            "id": "igw-0c928a5b996056cca",
            "owner_id": "628132563466",
            "tags": {
              "Environment": "testing",
              "Name": "testing-igw"
            },
            "vpc_id": "vpc-0f04e22c1bca691d3"
          },
          "private": "bnVsbA==",
          "dependencies": [
            "module.networking.aws_vpc.vpc"
          ]
        }
      ]
    },
    {
      "module": "module.networking",
      "mode": "managed",
      "type": "aws_nat_gateway",
      "name": "nat",
      "provider": "provider[\"registry.terraform.io/hashicorp/aws\"]",
      "instances": [
        {
          "schema_version": 0,
          "attributes": {
            "allocation_id": "eipalloc-0751daa4faca39a35",
            "id": "nat-01c00f9457d1f014d",
            "network_interface_id": "eni-0feee9d998048ff30",
            "private_ip": "10.0.1.58",
            "public_ip": "3.97.179.217",
            "subnet_id": "subnet-0e0d9d4bd2cc8df18",
            "tags": {
              "Environment": "testing",
              "Name": "testing-ca-central-1b-nat"
            }
          },
          "private": "bnVsbA==",
          "dependencies": [
            "module.networking.aws_eip.nat_eip",
            "module.networking.aws_internet_gateway.ig",
            "module.networking.aws_subnet.public_subnet",
            "module.networking.aws_vpc.vpc"
          ]
        }
      ]
    },
    {
      "module": "module.networking",
      "mode": "managed",
      "type": "aws_route",
      "name": "private_nat_gateway",
      "provider": "provider[\"registry.terraform.io/hashicorp/aws\"]",
      "instances": [
        {
          "schema_version": 0,
          "attributes": {
            "destination_cidr_block": "0.0.0.0/0",
            "destination_ipv6_cidr_block": "",
            "destination_prefix_list_id": "",
            "egress_only_gateway_id": "",
            "gateway_id": "",
            "id": "r-rtb-0138382c5a1d103581080289494",
            "instance_id": "",
            "instance_owner_id": "",
            "local_gateway_id": "",
            "nat_gateway_id": "nat-01c00f9457d1f014d",
            "network_interface_id": "",
            "origin": "CreateRoute",
            "route_table_id": "rtb-0138382c5a1d10358",
            "state": "active",
            "timeouts": null,
            "transit_gateway_id": "",
            "vpc_endpoint_id": null,
            "vpc_peering_connection_id": ""
          },
          "private": "eyJlMmJmYjczMC1lY2FhLTExZTYtOGY4OC0zNDM2M2JjN2M0YzAiOnsiY3JlYXRlIjoxMjAwMDAwMDAwMDAsImRlbGV0ZSI6MzAwMDAwMDAwMDAwfX0=",
          "dependencies": [
            "module.networking.aws_eip.nat_eip",
            "module.networking.aws_internet_gateway.ig",
            "module.networking.aws_nat_gateway.nat",
            "module.networking.aws_route_table.private",
            "module.networking.aws_subnet.public_subnet",
            "module.networking.aws_vpc.vpc"
          ]
        }
      ]
    },
    {
      "module": "module.networking",
      "mode": "managed",
      "type": "aws_route",
      "name": "public_internet_gateway",
      "provider": "provider[\"registry.terraform.io/hashicorp/aws\"]",
      "instances": [
        {
          "schema_version": 0,
          "attributes": {
            "destination_cidr_block": "0.0.0.0/0",
            "destination_ipv6_cidr_block": "",
            "destination_prefix_list_id": "",
            "egress_only_gateway_id": "",
            "gateway_id": "igw-0c928a5b996056cca",
            "id": "r-rtb-01b9fff030e6e25751080289494",
            "instance_id": "",
            "instance_owner_id": "",
            "local_gateway_id": "",
            "nat_gateway_id": "",
            "network_interface_id": "",
            "origin": "CreateRoute",
            "route_table_id": "rtb-01b9fff030e6e2575",
            "state": "active",
            "timeouts": null,
            "transit_gateway_id": "",
            "vpc_endpoint_id": null,
            "vpc_peering_connection_id": ""
          },
          "private": "eyJlMmJmYjczMC1lY2FhLTExZTYtOGY4OC0zNDM2M2JjN2M0YzAiOnsiY3JlYXRlIjoxMjAwMDAwMDAwMDAsImRlbGV0ZSI6MzAwMDAwMDAwMDAwfX0=",
          "dependencies": [
            "module.networking.aws_internet_gateway.ig",
            "module.networking.aws_route_table.public",
            "module.networking.aws_vpc.vpc"
          ]
        }
      ]
    },
    {
      "module": "module.networking",
      "mode": "managed",
      "type": "aws_route_table",
      "name": "private",
      "provider": "provider[\"registry.terraform.io/hashicorp/aws\"]",
      "instances": [
        {
          "schema_version": 0,
          "attributes": {
            "id": "rtb-0138382c5a1d10358",
            "owner_id": "628132563466",
            "propagating_vgws": [],
            "route": [
              {
                "cidr_block": "0.0.0.0/0",
                "egress_only_gateway_id": "",
                "gateway_id": "",
                "instance_id": "",
                "ipv6_cidr_block": "",
                "local_gateway_id": "",
                "nat_gateway_id": "nat-01c00f9457d1f014d",
                "network_interface_id": "",
                "transit_gateway_id": "",
                "vpc_endpoint_id": "",
                "vpc_peering_connection_id": ""
              }
            ],
            "tags": {
              "Environment": "testing",
              "Name": "testing-private-route-table"
            },
            "vpc_id": "vpc-0f04e22c1bca691d3"
          },
          "private": "bnVsbA==",
          "dependencies": [
            "module.networking.aws_vpc.vpc"
          ]
        }
      ]
    },
    {
      "module": "module.networking",
      "mode": "managed",
      "type": "aws_route_table",
      "name": "public",
      "provider": "provider[\"registry.terraform.io/hashicorp/aws\"]",
      "instances": [
        {
          "schema_version": 0,
          "attributes": {
            "id": "rtb-01b9fff030e6e2575",
            "owner_id": "628132563466",
            "propagating_vgws": [],
            "route": [
              {
                "cidr_block": "0.0.0.0/0",
                "egress_only_gateway_id": "",
                "gateway_id": "igw-0c928a5b996056cca",
                "instance_id": "",
                "ipv6_cidr_block": "",
                "local_gateway_id": "",
                "nat_gateway_id": "",
                "network_interface_id": "",
                "transit_gateway_id": "",
                "vpc_endpoint_id": "",
                "vpc_peering_connection_id": ""
              }
            ],
            "tags": {
              "Environment": "testing",
              "Name": "testing-public-route-table"
            },
            "vpc_id": "vpc-0f04e22c1bca691d3"
          },
          "private": "bnVsbA==",
          "dependencies": [
            "module.networking.aws_vpc.vpc"
          ]
        }
      ]
    },
    {
      "module": "module.networking",
      "mode": "managed",
      "type": "aws_route_table_association",
      "name": "private",
      "provider": "provider[\"registry.terraform.io/hashicorp/aws\"]",
      "instances": [
        {
          "index_key": 0,
          "schema_version": 0,
          "attributes": {
            "gateway_id": null,
            "id": "rtbassoc-02c0eba7eef8ebe84",
            "route_table_id": "rtb-0138382c5a1d10358",
            "subnet_id": "subnet-065b97fe3fef353fc"
          },
          "private": "bnVsbA==",
          "dependencies": [
            "module.networking.aws_route_table.private",
            "module.networking.aws_subnet.private_subnet",
            "module.networking.aws_vpc.vpc"
          ]
        },
        {
          "index_key": 1,
          "schema_version": 0,
          "attributes": {
            "gateway_id": null,
            "id": "rtbassoc-09ee8e9f538b4ff33",
            "route_table_id": "rtb-0138382c5a1d10358",
            "subnet_id": "subnet-0c3859c2e054f3809"
          },
          "private": "bnVsbA==",
          "dependencies": [
            "module.networking.aws_route_table.private",
            "module.networking.aws_subnet.private_subnet",
            "module.networking.aws_vpc.vpc"
          ]
        }
      ]
    },
    {
      "module": "module.networking",
      "mode": "managed",
      "type": "aws_route_table_association",
      "name": "public",
      "provider": "provider[\"registry.terraform.io/hashicorp/aws\"]",
      "instances": [
        {
          "index_key": 0,
          "schema_version": 0,
          "attributes": {
            "gateway_id": null,
            "id": "rtbassoc-04f82e3317bf29272",
            "route_table_id": "rtb-01b9fff030e6e2575",
            "subnet_id": "subnet-0e0d9d4bd2cc8df18"
          },
          "private": "bnVsbA==",
          "dependencies": [
            "module.networking.aws_route_table.public",
            "module.networking.aws_subnet.public_subnet",
            "module.networking.aws_vpc.vpc"
          ]
        },
        {
          "index_key": 1,
          "schema_version": 0,
          "attributes": {
            "gateway_id": null,
            "id": "rtbassoc-0d36666aa3e236509",
            "route_table_id": "rtb-01b9fff030e6e2575",
            "subnet_id": "subnet-0a27541c948e91091"
          },
          "private": "bnVsbA==",
          "dependencies": [
            "module.networking.aws_route_table.public",
            "module.networking.aws_subnet.public_subnet",
            "module.networking.aws_vpc.vpc"
          ]
        }
      ]
    },
    {
      "module": "module.networking",
      "mode": "managed",
      "type": "aws_security_group",
      "name": "default",
      "provider": "provider[\"registry.terraform.io/hashicorp/aws\"]",
      "instances": [
        {
          "schema_version": 1,
          "attributes": {
            "arn": "arn:aws:ec2:ca-central-1:628132563466:security-group/sg-0640cebc2bdb08e2d",
            "description": "Default security group to allow inbound/outbound from the VPC",
            "egress": [
              {
                "cidr_blocks": [],
                "description": "",
                "from_port": 0,
                "ipv6_cidr_blocks": [],
                "prefix_list_ids": [],
                "protocol": "-1",
                "security_groups": [],
                "self": true,
                "to_port": 0
              }
            ],
            "id": "sg-0640cebc2bdb08e2d",
            "ingress": [
              {
                "cidr_blocks": [],
                "description": "",
                "from_port": 0,
                "ipv6_cidr_blocks": [],
                "prefix_list_ids": [],
                "protocol": "-1",
                "security_groups": [],
                "self": true,
                "to_port": 0
              }
            ],
            "name": "testing-default-sg",
            "name_prefix": "",
            "owner_id": "628132563466",
            "revoke_rules_on_delete": false,
            "tags": {
              "Environment": "testing"
            },
            "timeouts": null,
            "vpc_id": "vpc-0f04e22c1bca691d3"
          },
          "private": "eyJlMmJmYjczMC1lY2FhLTExZTYtOGY4OC0zNDM2M2JjN2M0YzAiOnsiY3JlYXRlIjo2MDAwMDAwMDAwMDAsImRlbGV0ZSI6NjAwMDAwMDAwMDAwfSwic2NoZW1hX3ZlcnNpb24iOiIxIn0=",
          "dependencies": [
            "module.networking.aws_vpc.vpc"
          ]
        }
      ]
    },
    {
      "module": "module.networking",
      "mode": "managed",
      "type": "aws_subnet",
      "name": "private_subnet",
      "provider": "provider[\"registry.terraform.io/hashicorp/aws\"]",
      "instances": [
        {
          "index_key": 0,
          "schema_version": 1,
          "attributes": {
            "arn": "arn:aws:ec2:ca-central-1:628132563466:subnet/subnet-065b97fe3fef353fc",
            "assign_ipv6_address_on_creation": false,
            "availability_zone": "ca-central-1a",
            "availability_zone_id": "cac1-az1",
            "cidr_block": "10.0.10.0/24",
            "customer_owned_ipv4_pool": "",
            "id": "subnet-065b97fe3fef353fc",
            "ipv6_cidr_block": "",
            "ipv6_cidr_block_association_id": "",
            "map_customer_owned_ip_on_launch": false,
            "map_public_ip_on_launch": false,
            "outpost_arn": "",
            "owner_id": "628132563466",
            "tags": {
              "Environment": "testing",
              "Name": "testing-ca-central-1a-private-subnet"
            },
            "timeouts": null,
            "vpc_id": "vpc-0f04e22c1bca691d3"
          },
          "private": "eyJlMmJmYjczMC1lY2FhLTExZTYtOGY4OC0zNDM2M2JjN2M0YzAiOnsiY3JlYXRlIjo2MDAwMDAwMDAwMDAsImRlbGV0ZSI6MTIwMDAwMDAwMDAwMH0sInNjaGVtYV92ZXJzaW9uIjoiMSJ9",
          "dependencies": [
            "module.networking.aws_vpc.vpc"
          ]
        },
        {
          "index_key": 1,
          "schema_version": 1,
          "attributes": {
            "arn": "arn:aws:ec2:ca-central-1:628132563466:subnet/subnet-0c3859c2e054f3809",
            "assign_ipv6_address_on_creation": false,
            "availability_zone": "ca-central-1b",
            "availability_zone_id": "cac1-az2",
            "cidr_block": "10.0.20.0/24",
            "customer_owned_ipv4_pool": "",
            "id": "subnet-0c3859c2e054f3809",
            "ipv6_cidr_block": "",
            "ipv6_cidr_block_association_id": "",
            "map_customer_owned_ip_on_launch": false,
            "map_public_ip_on_launch": false,
            "outpost_arn": "",
            "owner_id": "628132563466",
            "tags": {
              "Environment": "testing",
              "Name": "testing-ca-central-1b-private-subnet"
            },
            "timeouts": null,
            "vpc_id": "vpc-0f04e22c1bca691d3"
          },
          "private": "eyJlMmJmYjczMC1lY2FhLTExZTYtOGY4OC0zNDM2M2JjN2M0YzAiOnsiY3JlYXRlIjo2MDAwMDAwMDAwMDAsImRlbGV0ZSI6MTIwMDAwMDAwMDAwMH0sInNjaGVtYV92ZXJzaW9uIjoiMSJ9",
          "dependencies": [
            "module.networking.aws_vpc.vpc"
          ]
        }
      ]
    },
    {
      "module": "module.networking",
      "mode": "managed",
      "type": "aws_subnet",
      "name": "public_subnet",
      "provider": "provider[\"registry.terraform.io/hashicorp/aws\"]",
      "instances": [
        {
          "index_key": 0,
          "schema_version": 1,
          "attributes": {
            "arn": "arn:aws:ec2:ca-central-1:628132563466:subnet/subnet-0e0d9d4bd2cc8df18",
            "assign_ipv6_address_on_creation": false,
            "availability_zone": "ca-central-1a",
            "availability_zone_id": "cac1-az1",
            "cidr_block": "10.0.1.0/24",
            "customer_owned_ipv4_pool": "",
            "id": "subnet-0e0d9d4bd2cc8df18",
            "ipv6_cidr_block": "",
            "ipv6_cidr_block_association_id": "",
            "map_customer_owned_ip_on_launch": false,
            "map_public_ip_on_launch": true,
            "outpost_arn": "",
            "owner_id": "628132563466",
            "tags": {
              "Environment": "testing",
              "Name": "testing-ca-central-1a-public-subnet"
            },
            "timeouts": null,
            "vpc_id": "vpc-0f04e22c1bca691d3"
          },
          "private": "eyJlMmJmYjczMC1lY2FhLTExZTYtOGY4OC0zNDM2M2JjN2M0YzAiOnsiY3JlYXRlIjo2MDAwMDAwMDAwMDAsImRlbGV0ZSI6MTIwMDAwMDAwMDAwMH0sInNjaGVtYV92ZXJzaW9uIjoiMSJ9",
          "dependencies": [
            "module.networking.aws_vpc.vpc"
          ]
        },
        {
          "index_key": 1,
          "schema_version": 1,
          "attributes": {
            "arn": "arn:aws:ec2:ca-central-1:628132563466:subnet/subnet-0a27541c948e91091",
            "assign_ipv6_address_on_creation": false,
            "availability_zone": "ca-central-1b",
            "availability_zone_id": "cac1-az2",
            "cidr_block": "10.0.2.0/24",
            "customer_owned_ipv4_pool": "",
            "id": "subnet-0a27541c948e91091",
            "ipv6_cidr_block": "",
            "ipv6_cidr_block_association_id": "",
            "map_customer_owned_ip_on_launch": false,
            "map_public_ip_on_launch": true,
            "outpost_arn": "",
            "owner_id": "628132563466",
            "tags": {
              "Environment": "testing",
              "Name": "testing-ca-central-1b-public-subnet"
            },
            "timeouts": null,
            "vpc_id": "vpc-0f04e22c1bca691d3"
          },
          "private": "eyJlMmJmYjczMC1lY2FhLTExZTYtOGY4OC0zNDM2M2JjN2M0YzAiOnsiY3JlYXRlIjo2MDAwMDAwMDAwMDAsImRlbGV0ZSI6MTIwMDAwMDAwMDAwMH0sInNjaGVtYV92ZXJzaW9uIjoiMSJ9",
          "dependencies": [
            "module.networking.aws_vpc.vpc"
          ]
        }
      ]
    },
    {
      "module": "module.networking",
      "mode": "managed",
      "type": "aws_vpc",
      "name": "vpc",
      "provider": "provider[\"registry.terraform.io/hashicorp/aws\"]",
      "instances": [
        {
          "schema_version": 1,
          "attributes": {
            "arn": "arn:aws:ec2:ca-central-1:628132563466:vpc/vpc-0f04e22c1bca691d3",
            "assign_generated_ipv6_cidr_block": false,
            "cidr_block": "10.0.0.0/16",
            "default_network_acl_id": "acl-0d2bf93a7522a9eba",
            "default_route_table_id": "rtb-0a476c3f8eb7231fa",
            "default_security_group_id": "sg-0eed61443b7393635",
            "dhcp_options_id": "dopt-fadc8e92",
            "enable_classiclink": null,
            "enable_classiclink_dns_support": null,
            "enable_dns_hostnames": true,
            "enable_dns_support": true,
            "id": "vpc-0f04e22c1bca691d3",
            "instance_tenancy": "default",
            "ipv6_association_id": "",
            "ipv6_cidr_block": "",
            "main_route_table_id": "rtb-0a476c3f8eb7231fa",
            "owner_id": "628132563466",
            "tags": {
              "Environment": "testing",
              "Name": "testing-vpc"
            }
          },
          "private": "eyJzY2hlbWFfdmVyc2lvbiI6IjEifQ=="
        }
      ]
    },
    {
      "module": "module.rds",
      "mode": "managed",
      "type": "aws_db_instance",
      "name": "rds",
      "provider": "provider[\"registry.terraform.io/hashicorp/aws\"]",
      "instances": [
        {
          "schema_version": 1,
          "attributes": {
            "address": "testing-database.c1lljxsfn1bu.ca-central-1.rds.amazonaws.com",
            "allocated_storage": 20,
            "allow_major_version_upgrade": null,
            "apply_immediately": null,
            "arn": "arn:aws:rds:ca-central-1:628132563466:db:testing-database",
            "auto_minor_version_upgrade": true,
            "availability_zone": "ca-central-1a",
            "backup_retention_period": 0,
            "backup_window": "10:08-10:38",
            "ca_cert_identifier": "rds-ca-2019",
            "character_set_name": null,
            "copy_tags_to_snapshot": false,
            "db_subnet_group_name": "testing-rds-subnet-group",
            "delete_automated_backups": true,
            "deletion_protection": false,
            "domain": "",
            "domain_iam_role_name": "",
            "enabled_cloudwatch_logs_exports": [],
            "endpoint": "testing-database.c1lljxsfn1bu.ca-central-1.rds.amazonaws.com:5432",
            "engine": "postgres",
            "engine_version": "9.6.6",
            "final_snapshot_identifier": null,
            "hosted_zone_id": "Z1JG78A3UK1DU3",
            "iam_database_authentication_enabled": false,
            "id": "testing-database",
            "identifier": "testing-database",
            "identifier_prefix": null,
            "instance_class": "db.t2.micro",
            "iops": 0,
            "kms_key_id": "",
            "latest_restorable_time": "0001-01-01T00:00:00Z",
            "license_model": "postgresql-license",
            "maintenance_window": "sat:06:37-sat:07:07",
            "max_allocated_storage": 0,
            "monitoring_interval": 0,
            "monitoring_role_arn": "",
            "multi_az": false,
            "name": "PokerHandRangeDb",
            "option_group_name": "default:postgres-9-6",
            "parameter_group_name": "default.postgres9.6",
            "password": "myawesomepasswordproduction",
            "performance_insights_enabled": false,
            "performance_insights_kms_key_id": "",
            "performance_insights_retention_period": 0,
            "port": 5432,
            "publicly_accessible": false,
            "replicas": [],
            "replicate_source_db": "",
            "resource_id": "db-4HXJS24CPHWTIQIGMX564JEP2A",
            "restore_to_point_in_time": [],
            "s3_import": [],
            "security_group_names": [],
            "skip_final_snapshot": true,
            "snapshot_identifier": null,
            "status": "available",
            "storage_encrypted": false,
            "storage_type": "gp2",
            "tags": {
              "Environment": "testing"
            },
            "timeouts": null,
            "timezone": "",
            "username": "railsterraform",
            "vpc_security_group_ids": [
              "sg-01d00864bd7ebf09e"
            ]
          },
          "private": "eyJlMmJmYjczMC1lY2FhLTExZTYtOGY4OC0zNDM2M2JjN2M0YzAiOnsiY3JlYXRlIjoyNDAwMDAwMDAwMDAwLCJkZWxldGUiOjM2MDAwMDAwMDAwMDAsInVwZGF0ZSI6NDgwMDAwMDAwMDAwMH0sInNjaGVtYV92ZXJzaW9uIjoiMSJ9",
          "dependencies": [
            "module.networking.aws_subnet.private_subnet",
            "module.networking.aws_vpc.vpc",
            "module.rds.aws_db_subnet_group.rds_subnet_group",
            "module.rds.aws_security_group.db_access_sg",
            "module.rds.aws_security_group.rds_sg"
          ]
        }
      ]
    },
    {
      "module": "module.rds",
      "mode": "managed",
      "type": "aws_db_subnet_group",
      "name": "rds_subnet_group",
      "provider": "provider[\"registry.terraform.io/hashicorp/aws\"]",
      "instances": [
        {
          "schema_version": 0,
          "attributes": {
            "arn": "arn:aws:rds:ca-central-1:628132563466:subgrp:testing-rds-subnet-group",
            "description": "RDS subnet group",
            "id": "testing-rds-subnet-group",
            "name": "testing-rds-subnet-group",
            "name_prefix": null,
            "subnet_ids": [
              "subnet-065b97fe3fef353fc",
              "subnet-0c3859c2e054f3809"
            ],
            "tags": {
              "Environment": "testing"
            }
          },
          "private": "bnVsbA==",
          "dependencies": [
            "module.networking.aws_subnet.private_subnet",
            "module.networking.aws_vpc.vpc"
          ]
        }
      ]
    },
    {
      "module": "module.rds",
      "mode": "managed",
      "type": "aws_security_group",
      "name": "db_access_sg",
      "provider": "provider[\"registry.terraform.io/hashicorp/aws\"]",
      "instances": [
        {
          "schema_version": 1,
          "attributes": {
            "arn": "arn:aws:ec2:ca-central-1:628132563466:security-group/sg-035844cee7ed4dd9b",
            "description": "Allow access to RDS",
            "egress": [],
            "id": "sg-035844cee7ed4dd9b",
            "ingress": [],
            "name": "testing-db-access-sg",
            "name_prefix": "",
            "owner_id": "628132563466",
            "revoke_rules_on_delete": false,
            "tags": {
              "Environment": "testing",
              "Name": "testing-db-access-sg"
            },
            "timeouts": null,
            "vpc_id": "vpc-0f04e22c1bca691d3"
          },
          "private": "eyJlMmJmYjczMC1lY2FhLTExZTYtOGY4OC0zNDM2M2JjN2M0YzAiOnsiY3JlYXRlIjo2MDAwMDAwMDAwMDAsImRlbGV0ZSI6NjAwMDAwMDAwMDAwfSwic2NoZW1hX3ZlcnNpb24iOiIxIn0=",
          "dependencies": [
            "module.networking.aws_vpc.vpc"
          ]
        }
      ]
    },
    {
      "module": "module.rds",
      "mode": "managed",
      "type": "aws_security_group",
      "name": "rds_sg",
      "provider": "provider[\"registry.terraform.io/hashicorp/aws\"]",
      "instances": [
        {
          "schema_version": 1,
          "attributes": {
            "arn": "arn:aws:ec2:ca-central-1:628132563466:security-group/sg-01d00864bd7ebf09e",
            "description": "testing Security Group",
            "egress": [
              {
                "cidr_blocks": [
                  "0.0.0.0/0"
                ],
                "description": "",
                "from_port": 0,
                "ipv6_cidr_blocks": [],
                "prefix_list_ids": [],
                "protocol": "-1",
                "security_groups": [],
                "self": false,
                "to_port": 0
              }
            ],
            "id": "sg-01d00864bd7ebf09e",
            "ingress": [
              {
                "cidr_blocks": [],
                "description": "",
                "from_port": 0,
                "ipv6_cidr_blocks": [],
                "prefix_list_ids": [],
                "protocol": "-1",
                "security_groups": [],
                "self": true,
                "to_port": 0
              },
              {
                "cidr_blocks": [],
                "description": "",
                "from_port": 5432,
                "ipv6_cidr_blocks": [],
                "prefix_list_ids": [],
                "protocol": "tcp",
                "security_groups": [
                  "sg-035844cee7ed4dd9b"
                ],
                "self": false,
                "to_port": 5432
              }
            ],
            "name": "testing-rds-sg",
            "name_prefix": "",
            "owner_id": "628132563466",
            "revoke_rules_on_delete": false,
            "tags": {
              "Environment": "testing",
              "Name": "testing-rds-sg"
            },
            "timeouts": null,
            "vpc_id": "vpc-0f04e22c1bca691d3"
          },
          "private": "eyJlMmJmYjczMC1lY2FhLTExZTYtOGY4OC0zNDM2M2JjN2M0YzAiOnsiY3JlYXRlIjo2MDAwMDAwMDAwMDAsImRlbGV0ZSI6NjAwMDAwMDAwMDAwfSwic2NoZW1hX3ZlcnNpb24iOiIxIn0=",
          "dependencies": [
            "module.networking.aws_vpc.vpc",
            "module.rds.aws_security_group.db_access_sg"
          ]
        }
      ]
    }
  ]
}
